// !$*UTF8*$!
{
	archiveVersion = 1;
	classes = {
	};
	objectVersion = 51;
	objects = {

/* Begin PBXBuildFile section */
		09FD22EDD927F420D6141F1F /* Pods_TransL8.framework in Frameworks */ = {isa = PBXBuildFile; fileRef = 9CB0E1217208711C670C3D28 /* Pods_TransL8.framework */; };
		DE93D88523AD7DCE00FC9D74 /* Storage.swift in Sources */ = {isa = PBXBuildFile; fileRef = DE93D86923AD7DCE00FC9D74 /* Storage.swift */; };
		DE93D88623AD7DCE00FC9D74 /* SecureStorage.swift in Sources */ = {isa = PBXBuildFile; fileRef = DE93D86A23AD7DCE00FC9D74 /* SecureStorage.swift */; };
		DE93D88723AD7DCE00FC9D74 /* PreferencesViewController.swift in Sources */ = {isa = PBXBuildFile; fileRef = DE93D86B23AD7DCE00FC9D74 /* PreferencesViewController.swift */; };
		DE93D88823AD7DCE00FC9D74 /* PreferencesController.swift in Sources */ = {isa = PBXBuildFile; fileRef = DE93D86C23AD7DCE00FC9D74 /* PreferencesController.swift */; };
		DE93D88923AD7DCE00FC9D74 /* TranslationViewController+Scan.swift in Sources */ = {isa = PBXBuildFile; fileRef = DE93D86E23AD7DCE00FC9D74 /* TranslationViewController+Scan.swift */; };
		DE93D88A23AD7DCE00FC9D74 /* TranslationEngine.swift in Sources */ = {isa = PBXBuildFile; fileRef = DE93D86F23AD7DCE00FC9D74 /* TranslationEngine.swift */; };
		DE93D88B23AD7DCE00FC9D74 /* TranslationViewController+Speak.swift in Sources */ = {isa = PBXBuildFile; fileRef = DE93D87023AD7DCE00FC9D74 /* TranslationViewController+Speak.swift */; };
		DE93D88C23AD7DCE00FC9D74 /* TranslationViewController+Record.swift in Sources */ = {isa = PBXBuildFile; fileRef = DE93D87123AD7DCE00FC9D74 /* TranslationViewController+Record.swift */; };
		DE93D88D23AD7DCE00FC9D74 /* TranslationViewController+Clipboard.swift in Sources */ = {isa = PBXBuildFile; fileRef = DE93D87223AD7DCE00FC9D74 /* TranslationViewController+Clipboard.swift */; };
		DE93D88E23AD7DCE00FC9D74 /* TextPair.swift in Sources */ = {isa = PBXBuildFile; fileRef = DE93D87323AD7DCE00FC9D74 /* TextPair.swift */; };
		DE93D88F23AD7DCE00FC9D74 /* TranslationViewController+Action.swift in Sources */ = {isa = PBXBuildFile; fileRef = DE93D87423AD7DCE00FC9D74 /* TranslationViewController+Action.swift */; };
		DE93D89023AD7DCE00FC9D74 /* TranslateViewController.swift in Sources */ = {isa = PBXBuildFile; fileRef = DE93D87523AD7DCE00FC9D74 /* TranslateViewController.swift */; };
		DE93D89123AD7DCE00FC9D74 /* RootViewController.swift in Sources */ = {isa = PBXBuildFile; fileRef = DE93D87623AD7DCE00FC9D74 /* RootViewController.swift */; };
		DE93D89223AD7DCE00FC9D74 /* Assets.xcassets in Resources */ = {isa = PBXBuildFile; fileRef = DE93D87723AD7DCE00FC9D74 /* Assets.xcassets */; };
		DE93D89323AD7DCE00FC9D74 /* LaunchScreen.storyboard in Resources */ = {isa = PBXBuildFile; fileRef = DE93D87823AD7DCE00FC9D74 /* LaunchScreen.storyboard */; };
		DE93D89423AD7DCE00FC9D74 /* Main.storyboard in Resources */ = {isa = PBXBuildFile; fileRef = DE93D87A23AD7DCE00FC9D74 /* Main.storyboard */; };
		DE93D89523AD7DCE00FC9D74 /* AppDelegate.swift in Sources */ = {isa = PBXBuildFile; fileRef = DE93D87B23AD7DCE00FC9D74 /* AppDelegate.swift */; };
		DE93D89623AD7DCE00FC9D74 /* DeepL.swift in Sources */ = {isa = PBXBuildFile; fileRef = DE93D87D23AD7DCE00FC9D74 /* DeepL.swift */; };
		DE93D89723AD7DCE00FC9D74 /* DeepLService.swift in Sources */ = {isa = PBXBuildFile; fileRef = DE93D87E23AD7DCE00FC9D74 /* DeepLService.swift */; };
		DE93D89823AD7DCE00FC9D74 /* Data+JSONDecode.swift in Sources */ = {isa = PBXBuildFile; fileRef = DE93D88023AD7DCE00FC9D74 /* Data+JSONDecode.swift */; };
		DE93D89923AD7DCE00FC9D74 /* Double+AnimationDefault.swift in Sources */ = {isa = PBXBuildFile; fileRef = DE93D88123AD7DCE00FC9D74 /* Double+AnimationDefault.swift */; };
		DE93D89A23AD7DCE00FC9D74 /* UIView+Border.swift in Sources */ = {isa = PBXBuildFile; fileRef = DE93D88223AD7DCE00FC9D74 /* UIView+Border.swift */; };
		DE93D89C23AD7DCE00FC9D74 /* SceneDelegate.swift in Sources */ = {isa = PBXBuildFile; fileRef = DE93D88423AD7DCE00FC9D74 /* SceneDelegate.swift */; };
/* End PBXBuildFile section */

/* Begin PBXFileReference section */
		791D1F3D965E7D470547D887 /* Pods-TransL8.debug.xcconfig */ = {isa = PBXFileReference; includeInIndex = 1; lastKnownFileType = text.xcconfig; name = "Pods-TransL8.debug.xcconfig"; path = "Target Support Files/Pods-TransL8/Pods-TransL8.debug.xcconfig"; sourceTree = "<group>"; };
		9CB0E1217208711C670C3D28 /* Pods_TransL8.framework */ = {isa = PBXFileReference; explicitFileType = wrapper.framework; includeInIndex = 0; path = Pods_TransL8.framework; sourceTree = BUILT_PRODUCTS_DIR; };
		B9B1DCCF245F9EAC2119BDAF /* Pods-TransL8.release.xcconfig */ = {isa = PBXFileReference; includeInIndex = 1; lastKnownFileType = text.xcconfig; name = "Pods-TransL8.release.xcconfig"; path = "Target Support Files/Pods-TransL8/Pods-TransL8.release.xcconfig"; sourceTree = "<group>"; };
		DE93D86923AD7DCE00FC9D74 /* Storage.swift */ = {isa = PBXFileReference; fileEncoding = 4; lastKnownFileType = sourcecode.swift; path = Storage.swift; sourceTree = "<group>"; };
		DE93D86A23AD7DCE00FC9D74 /* SecureStorage.swift */ = {isa = PBXFileReference; fileEncoding = 4; lastKnownFileType = sourcecode.swift; path = SecureStorage.swift; sourceTree = "<group>"; };
		DE93D86B23AD7DCE00FC9D74 /* PreferencesViewController.swift */ = {isa = PBXFileReference; fileEncoding = 4; lastKnownFileType = sourcecode.swift; path = PreferencesViewController.swift; sourceTree = "<group>"; };
		DE93D86C23AD7DCE00FC9D74 /* PreferencesController.swift */ = {isa = PBXFileReference; fileEncoding = 4; lastKnownFileType = sourcecode.swift; path = PreferencesController.swift; sourceTree = "<group>"; };
		DE93D86E23AD7DCE00FC9D74 /* TranslationViewController+Scan.swift */ = {isa = PBXFileReference; fileEncoding = 4; lastKnownFileType = sourcecode.swift; path = "TranslationViewController+Scan.swift"; sourceTree = "<group>"; };
		DE93D86F23AD7DCE00FC9D74 /* TranslationEngine.swift */ = {isa = PBXFileReference; fileEncoding = 4; lastKnownFileType = sourcecode.swift; path = TranslationEngine.swift; sourceTree = "<group>"; };
		DE93D87023AD7DCE00FC9D74 /* TranslationViewController+Speak.swift */ = {isa = PBXFileReference; fileEncoding = 4; lastKnownFileType = sourcecode.swift; path = "TranslationViewController+Speak.swift"; sourceTree = "<group>"; };
		DE93D87123AD7DCE00FC9D74 /* TranslationViewController+Record.swift */ = {isa = PBXFileReference; fileEncoding = 4; lastKnownFileType = sourcecode.swift; path = "TranslationViewController+Record.swift"; sourceTree = "<group>"; };
		DE93D87223AD7DCE00FC9D74 /* TranslationViewController+Clipboard.swift */ = {isa = PBXFileReference; fileEncoding = 4; lastKnownFileType = sourcecode.swift; path = "TranslationViewController+Clipboard.swift"; sourceTree = "<group>"; };
		DE93D87323AD7DCE00FC9D74 /* TextPair.swift */ = {isa = PBXFileReference; fileEncoding = 4; lastKnownFileType = sourcecode.swift; path = TextPair.swift; sourceTree = "<group>"; };
		DE93D87423AD7DCE00FC9D74 /* TranslationViewController+Action.swift */ = {isa = PBXFileReference; fileEncoding = 4; lastKnownFileType = sourcecode.swift; path = "TranslationViewController+Action.swift"; sourceTree = "<group>"; };
		DE93D87523AD7DCE00FC9D74 /* TranslateViewController.swift */ = {isa = PBXFileReference; fileEncoding = 4; lastKnownFileType = sourcecode.swift; path = TranslateViewController.swift; sourceTree = "<group>"; };
		DE93D87623AD7DCE00FC9D74 /* RootViewController.swift */ = {isa = PBXFileReference; fileEncoding = 4; lastKnownFileType = sourcecode.swift; path = RootViewController.swift; sourceTree = "<group>"; };
		DE93D87723AD7DCE00FC9D74 /* Assets.xcassets */ = {isa = PBXFileReference; lastKnownFileType = folder.assetcatalog; path = Assets.xcassets; sourceTree = "<group>"; };
		DE93D87923AD7DCE00FC9D74 /* Base */ = {isa = PBXFileReference; lastKnownFileType = file.storyboard; name = Base; path = Base.lproj/LaunchScreen.storyboard; sourceTree = "<group>"; };
		DE93D87A23AD7DCE00FC9D74 /* Main.storyboard */ = {isa = PBXFileReference; fileEncoding = 4; lastKnownFileType = file.storyboard; path = Main.storyboard; sourceTree = "<group>"; };
		DE93D87B23AD7DCE00FC9D74 /* AppDelegate.swift */ = {isa = PBXFileReference; fileEncoding = 4; lastKnownFileType = sourcecode.swift; path = AppDelegate.swift; sourceTree = "<group>"; };
		DE93D87D23AD7DCE00FC9D74 /* DeepL.swift */ = {isa = PBXFileReference; fileEncoding = 4; lastKnownFileType = sourcecode.swift; path = DeepL.swift; sourceTree = "<group>"; };
		DE93D87E23AD7DCE00FC9D74 /* DeepLService.swift */ = {isa = PBXFileReference; fileEncoding = 4; lastKnownFileType = sourcecode.swift; path = DeepLService.swift; sourceTree = "<group>"; };
		DE93D88023AD7DCE00FC9D74 /* Data+JSONDecode.swift */ = {isa = PBXFileReference; fileEncoding = 4; lastKnownFileType = sourcecode.swift; path = "Data+JSONDecode.swift"; sourceTree = "<group>"; };
		DE93D88123AD7DCE00FC9D74 /* Double+AnimationDefault.swift */ = {isa = PBXFileReference; fileEncoding = 4; lastKnownFileType = sourcecode.swift; path = "Double+AnimationDefault.swift"; sourceTree = "<group>"; };
		DE93D88223AD7DCE00FC9D74 /* UIView+Border.swift */ = {isa = PBXFileReference; fileEncoding = 4; lastKnownFileType = sourcecode.swift; path = "UIView+Border.swift"; sourceTree = "<group>"; };
		DE93D88323AD7DCE00FC9D74 /* Info.plist */ = {isa = PBXFileReference; fileEncoding = 4; lastKnownFileType = text.plist.xml; path = Info.plist; sourceTree = "<group>"; };
		DE93D88423AD7DCE00FC9D74 /* SceneDelegate.swift */ = {isa = PBXFileReference; fileEncoding = 4; lastKnownFileType = sourcecode.swift; path = SceneDelegate.swift; sourceTree = "<group>"; };
		DEB1DF9F23A7595B00ED0715 /* TransL8.app */ = {isa = PBXFileReference; explicitFileType = wrapper.application; includeInIndex = 0; path = TransL8.app; sourceTree = BUILT_PRODUCTS_DIR; };
/* End PBXFileReference section */

/* Begin PBXFrameworksBuildPhase section */
		DEB1DF9C23A7595B00ED0715 /* Frameworks */ = {
			isa = PBXFrameworksBuildPhase;
			buildActionMask = 2147483647;
			files = (
				09FD22EDD927F420D6141F1F /* Pods_TransL8.framework in Frameworks */,
			);
			runOnlyForDeploymentPostprocessing = 0;
		};
/* End PBXFrameworksBuildPhase section */

/* Begin PBXGroup section */
		1F04119FDBD3185448C86436 /* Pods */ = {
			isa = PBXGroup;
			children = (
				791D1F3D965E7D470547D887 /* Pods-TransL8.debug.xcconfig */,
				B9B1DCCF245F9EAC2119BDAF /* Pods-TransL8.release.xcconfig */,
			);
			path = Pods;
			sourceTree = "<group>";
		};
		64DD36EAAE5AAFBCD2FACDBE /* Frameworks */ = {
			isa = PBXGroup;
			children = (
				9CB0E1217208711C670C3D28 /* Pods_TransL8.framework */,
			);
			name = Frameworks;
			sourceTree = "<group>";
		};
		DE93D86723AD7DCE00FC9D74 /* TransL8 */ = {
			isa = PBXGroup;
			children = (
				DE93D86823AD7DCE00FC9D74 /* Preferences */,
				DE93D86D23AD7DCE00FC9D74 /* Translation */,
				DE93D87C23AD7DCE00FC9D74 /* Service */,
				DE93D87B23AD7DCE00FC9D74 /* AppDelegate.swift */,
				DE93D88423AD7DCE00FC9D74 /* SceneDelegate.swift */,
				DE93D87623AD7DCE00FC9D74 /* RootViewController.swift */,
				DE93D87A23AD7DCE00FC9D74 /* Main.storyboard */,
				DE93D87823AD7DCE00FC9D74 /* LaunchScreen.storyboard */,
				DE93D87723AD7DCE00FC9D74 /* Assets.xcassets */,
				DE93D87F23AD7DCE00FC9D74 /* Helper */,
				DE93D88323AD7DCE00FC9D74 /* Info.plist */,
			);
			path = TransL8;
			sourceTree = "<group>";
		};
		DE93D86823AD7DCE00FC9D74 /* Preferences */ = {
			isa = PBXGroup;
			children = (
				DE93D86C23AD7DCE00FC9D74 /* PreferencesController.swift */,
				DE93D86B23AD7DCE00FC9D74 /* PreferencesViewController.swift */,
				DE93D86923AD7DCE00FC9D74 /* Storage.swift */,
				DE93D86A23AD7DCE00FC9D74 /* SecureStorage.swift */,
			);
			path = Preferences;
			sourceTree = "<group>";
		};
		DE93D86D23AD7DCE00FC9D74 /* Translation */ = {
			isa = PBXGroup;
			children = (
				DE93D87523AD7DCE00FC9D74 /* TranslateViewController.swift */,
				DE93D87423AD7DCE00FC9D74 /* TranslationViewController+Action.swift */,
				DE93D86E23AD7DCE00FC9D74 /* TranslationViewController+Scan.swift */,
				DE93D87023AD7DCE00FC9D74 /* TranslationViewController+Speak.swift */,
				DE93D87123AD7DCE00FC9D74 /* TranslationViewController+Record.swift */,
				DE93D87223AD7DCE00FC9D74 /* TranslationViewController+Clipboard.swift */,
				DE93D86F23AD7DCE00FC9D74 /* TranslationEngine.swift */,
				DE93D87323AD7DCE00FC9D74 /* TextPair.swift */,
			);
			path = Translation;
			sourceTree = "<group>";
		};
		DE93D87C23AD7DCE00FC9D74 /* Service */ = {
			isa = PBXGroup;
			children = (
				DE93D87D23AD7DCE00FC9D74 /* DeepL.swift */,
				DE93D87E23AD7DCE00FC9D74 /* DeepLService.swift */,
			);
			path = Service;
			sourceTree = "<group>";
		};
		DE93D87F23AD7DCE00FC9D74 /* Helper */ = {
			isa = PBXGroup;
			children = (
				DE93D88023AD7DCE00FC9D74 /* Data+JSONDecode.swift */,
				DE93D88123AD7DCE00FC9D74 /* Double+AnimationDefault.swift */,
				DE93D88223AD7DCE00FC9D74 /* UIView+Border.swift */,
			);
			path = Helper;
			sourceTree = "<group>";
		};
		DEB1DF9623A7595B00ED0715 = {
			isa = PBXGroup;
			children = (
				DE93D86723AD7DCE00FC9D74 /* TransL8 */,
				DEB1DFA023A7595B00ED0715 /* Products */,
				1F04119FDBD3185448C86436 /* Pods */,
				64DD36EAAE5AAFBCD2FACDBE /* Frameworks */,
			);
			sourceTree = "<group>";
		};
		DEB1DFA023A7595B00ED0715 /* Products */ = {
			isa = PBXGroup;
			children = (
				DEB1DF9F23A7595B00ED0715 /* TransL8.app */,
			);
			name = Products;
			sourceTree = "<group>";
		};
/* End PBXGroup section */

/* Begin PBXNativeTarget section */
		DEB1DF9E23A7595B00ED0715 /* TransL8 */ = {
			isa = PBXNativeTarget;
			buildConfigurationList = DEB1DFB323A7596D00ED0715 /* Build configuration list for PBXNativeTarget "TransL8" */;
			buildPhases = (
				675AD5DB3AA012A23CF8D4BE /* [CP] Check Pods Manifest.lock */,
				DEB1DF9B23A7595B00ED0715 /* Sources */,
				DEB1DF9C23A7595B00ED0715 /* Frameworks */,
				DEB1DF9D23A7595B00ED0715 /* Resources */,
				E6ED46D99986BF11BF7323C2 /* [CP] Embed Pods Frameworks */,
			);
			buildRules = (
			);
			dependencies = (
			);
			name = TransL8;
			productName = TransL8;
			productReference = DEB1DF9F23A7595B00ED0715 /* TransL8.app */;
			productType = "com.apple.product-type.application";
		};
/* End PBXNativeTarget section */

/* Begin PBXProject section */
		DEB1DF9723A7595B00ED0715 /* Project object */ = {
			isa = PBXProject;
			attributes = {
				LastSwiftUpdateCheck = 1130;
				LastUpgradeCheck = 1130;
				ORGANIZATIONNAME = "Oliver Michalak";
				TargetAttributes = {
					DEB1DF9E23A7595B00ED0715 = {
						CreatedOnToolsVersion = 11.3;
					};
				};
			};
			buildConfigurationList = DEB1DF9A23A7595B00ED0715 /* Build configuration list for PBXProject "TransL8" */;
			compatibilityVersion = "Xcode 9.3";
			developmentRegion = en;
			hasScannedForEncodings = 0;
			knownRegions = (
				en,
				Base,
			);
			mainGroup = DEB1DF9623A7595B00ED0715;
			productRefGroup = DEB1DFA023A7595B00ED0715 /* Products */;
			projectDirPath = "";
			projectRoot = "";
			targets = (
				DEB1DF9E23A7595B00ED0715 /* TransL8 */,
			);
		};
/* End PBXProject section */

/* Begin PBXResourcesBuildPhase section */
		DEB1DF9D23A7595B00ED0715 /* Resources */ = {
			isa = PBXResourcesBuildPhase;
			buildActionMask = 2147483647;
			files = (
				DE93D89423AD7DCE00FC9D74 /* Main.storyboard in Resources */,
				DE93D89223AD7DCE00FC9D74 /* Assets.xcassets in Resources */,
				DE93D89323AD7DCE00FC9D74 /* LaunchScreen.storyboard in Resources */,
			);
			runOnlyForDeploymentPostprocessing = 0;
		};
/* End PBXResourcesBuildPhase section */

/* Begin PBXShellScriptBuildPhase section */
		675AD5DB3AA012A23CF8D4BE /* [CP] Check Pods Manifest.lock */ = {
			isa = PBXShellScriptBuildPhase;
			buildActionMask = 2147483647;
			files = (
			);
			inputFileListPaths = (
			);
			inputPaths = (
				"${PODS_PODFILE_DIR_PATH}/Podfile.lock",
				"${PODS_ROOT}/Manifest.lock",
			);
			name = "[CP] Check Pods Manifest.lock";
			outputFileListPaths = (
			);
			outputPaths = (
				"$(DERIVED_FILE_DIR)/Pods-TransL8-checkManifestLockResult.txt",
			);
			runOnlyForDeploymentPostprocessing = 0;
			shellPath = /bin/sh;
			shellScript = "diff \"${PODS_PODFILE_DIR_PATH}/Podfile.lock\" \"${PODS_ROOT}/Manifest.lock\" > /dev/null\nif [ $? != 0 ] ; then\n    # print error to STDERR\n    echo \"error: The sandbox is not in sync with the Podfile.lock. Run 'pod install' or update your CocoaPods installation.\" >&2\n    exit 1\nfi\n# This output is used by Xcode 'outputs' to avoid re-running this script phase.\necho \"SUCCESS\" > \"${SCRIPT_OUTPUT_FILE_0}\"\n";
			showEnvVarsInLog = 0;
		};
		E6ED46D99986BF11BF7323C2 /* [CP] Embed Pods Frameworks */ = {
			isa = PBXShellScriptBuildPhase;
			buildActionMask = 2147483647;
			files = (
			);
			inputFileListPaths = (
				"${PODS_ROOT}/Target Support Files/Pods-TransL8/Pods-TransL8-frameworks-${CONFIGURATION}-input-files.xcfilelist",
			);
			name = "[CP] Embed Pods Frameworks";
			outputFileListPaths = (
				"${PODS_ROOT}/Target Support Files/Pods-TransL8/Pods-TransL8-frameworks-${CONFIGURATION}-output-files.xcfilelist",
			);
			runOnlyForDeploymentPostprocessing = 0;
			shellPath = /bin/sh;
			shellScript = "\"${PODS_ROOT}/Target Support Files/Pods-TransL8/Pods-TransL8-frameworks.sh\"\n";
			showEnvVarsInLog = 0;
		};
/* End PBXShellScriptBuildPhase section */

/* Begin PBXSourcesBuildPhase section */
		DEB1DF9B23A7595B00ED0715 /* Sources */ = {
			isa = PBXSourcesBuildPhase;
			buildActionMask = 2147483647;
			files = (
				DE93D88923AD7DCE00FC9D74 /* TranslationViewController+Scan.swift in Sources */,
				DE93D89923AD7DCE00FC9D74 /* Double+AnimationDefault.swift in Sources */,
				DE93D89823AD7DCE00FC9D74 /* Data+JSONDecode.swift in Sources */,
				DE93D88C23AD7DCE00FC9D74 /* TranslationViewController+Record.swift in Sources */,
				DE93D88823AD7DCE00FC9D74 /* PreferencesController.swift in Sources */,
				DE93D88D23AD7DCE00FC9D74 /* TranslationViewController+Clipboard.swift in Sources */,
				DE93D89523AD7DCE00FC9D74 /* AppDelegate.swift in Sources */,
				DE93D89123AD7DCE00FC9D74 /* RootViewController.swift in Sources */,
				DE93D88F23AD7DCE00FC9D74 /* TranslationViewController+Action.swift in Sources */,
				DE93D89023AD7DCE00FC9D74 /* TranslateViewController.swift in Sources */,
				DE93D89723AD7DCE00FC9D74 /* DeepLService.swift in Sources */,
				DE93D88E23AD7DCE00FC9D74 /* TextPair.swift in Sources */,
				DE93D88B23AD7DCE00FC9D74 /* TranslationViewController+Speak.swift in Sources */,
				DE93D88623AD7DCE00FC9D74 /* SecureStorage.swift in Sources */,
				DE93D89A23AD7DCE00FC9D74 /* UIView+Border.swift in Sources */,
				DE93D89C23AD7DCE00FC9D74 /* SceneDelegate.swift in Sources */,
				DE93D88A23AD7DCE00FC9D74 /* TranslationEngine.swift in Sources */,
				DE93D89623AD7DCE00FC9D74 /* DeepL.swift in Sources */,
				DE93D88523AD7DCE00FC9D74 /* Storage.swift in Sources */,
				DE93D88723AD7DCE00FC9D74 /* PreferencesViewController.swift in Sources */,
			);
			runOnlyForDeploymentPostprocessing = 0;
		};
/* End PBXSourcesBuildPhase section */

/* Begin PBXVariantGroup section */
		DE93D87823AD7DCE00FC9D74 /* LaunchScreen.storyboard */ = {
			isa = PBXVariantGroup;
			children = (
				DE93D87923AD7DCE00FC9D74 /* Base */,
			);
			name = LaunchScreen.storyboard;
			sourceTree = "<group>";
		};
/* End PBXVariantGroup section */

/* Begin XCBuildConfiguration section */
		DEB1DFB123A7596D00ED0715 /* Debug */ = {
			isa = XCBuildConfiguration;
			buildSettings = {
				ALWAYS_SEARCH_USER_PATHS = NO;
				CLANG_ANALYZER_NONNULL = YES;
				CLANG_ANALYZER_NUMBER_OBJECT_CONVERSION = YES_AGGRESSIVE;
				CLANG_CXX_LANGUAGE_STANDARD = "gnu++14";
				CLANG_CXX_LIBRARY = "libc++";
				CLANG_ENABLE_MODULES = YES;
				CLANG_ENABLE_OBJC_ARC = YES;
				CLANG_ENABLE_OBJC_WEAK = YES;
				CLANG_WARN_BLOCK_CAPTURE_AUTORELEASING = YES;
				CLANG_WARN_BOOL_CONVERSION = YES;
				CLANG_WARN_COMMA = YES;
				CLANG_WARN_CONSTANT_CONVERSION = YES;
				CLANG_WARN_DEPRECATED_OBJC_IMPLEMENTATIONS = YES;
				CLANG_WARN_DIRECT_OBJC_ISA_USAGE = YES_ERROR;
				CLANG_WARN_DOCUMENTATION_COMMENTS = YES;
				CLANG_WARN_EMPTY_BODY = YES;
				CLANG_WARN_ENUM_CONVERSION = YES;
				CLANG_WARN_INFINITE_RECURSION = YES;
				CLANG_WARN_INT_CONVERSION = YES;
				CLANG_WARN_NON_LITERAL_NULL_CONVERSION = YES;
				CLANG_WARN_OBJC_IMPLICIT_RETAIN_SELF = YES;
				CLANG_WARN_OBJC_LITERAL_CONVERSION = YES;
				CLANG_WARN_OBJC_ROOT_CLASS = YES_ERROR;
				CLANG_WARN_RANGE_LOOP_ANALYSIS = YES;
				CLANG_WARN_STRICT_PROTOTYPES = YES;
				CLANG_WARN_SUSPICIOUS_MOVE = YES;
				CLANG_WARN_UNGUARDED_AVAILABILITY = YES_AGGRESSIVE;
				CLANG_WARN_UNREACHABLE_CODE = YES;
				CLANG_WARN__DUPLICATE_METHOD_MATCH = YES;
				COPY_PHASE_STRIP = NO;
				DEBUG_INFORMATION_FORMAT = dwarf;
				ENABLE_STRICT_OBJC_MSGSEND = YES;
				ENABLE_TESTABILITY = YES;
				GCC_C_LANGUAGE_STANDARD = gnu11;
				GCC_DYNAMIC_NO_PIC = NO;
				GCC_NO_COMMON_BLOCKS = YES;
				GCC_OPTIMIZATION_LEVEL = 0;
				GCC_PREPROCESSOR_DEFINITIONS = (
					"DEBUG=1",
					"$(inherited)",
				);
				GCC_WARN_64_TO_32_BIT_CONVERSION = YES;
				GCC_WARN_ABOUT_RETURN_TYPE = YES_ERROR;
				GCC_WARN_UNDECLARED_SELECTOR = YES;
				GCC_WARN_UNINITIALIZED_AUTOS = YES_AGGRESSIVE;
				GCC_WARN_UNUSED_FUNCTION = YES;
				GCC_WARN_UNUSED_VARIABLE = YES;
				IPHONEOS_DEPLOYMENT_TARGET = 13.2;
				MTL_ENABLE_DEBUG_INFO = INCLUDE_SOURCE;
				MTL_FAST_MATH = YES;
				ONLY_ACTIVE_ARCH = YES;
				SDKROOT = iphoneos;
				SWIFT_ACTIVE_COMPILATION_CONDITIONS = DEBUG;
				SWIFT_OPTIMIZATION_LEVEL = "-Onone";
			};
			name = Debug;
		};
		DEB1DFB223A7596D00ED0715 /* Release */ = {
			isa = XCBuildConfiguration;
			buildSettings = {
				ALWAYS_SEARCH_USER_PATHS = NO;
				CLANG_ANALYZER_NONNULL = YES;
				CLANG_ANALYZER_NUMBER_OBJECT_CONVERSION = YES_AGGRESSIVE;
				CLANG_CXX_LANGUAGE_STANDARD = "gnu++14";
				CLANG_CXX_LIBRARY = "libc++";
				CLANG_ENABLE_MODULES = YES;
				CLANG_ENABLE_OBJC_ARC = YES;
				CLANG_ENABLE_OBJC_WEAK = YES;
				CLANG_WARN_BLOCK_CAPTURE_AUTORELEASING = YES;
				CLANG_WARN_BOOL_CONVERSION = YES;
				CLANG_WARN_COMMA = YES;
				CLANG_WARN_CONSTANT_CONVERSION = YES;
				CLANG_WARN_DEPRECATED_OBJC_IMPLEMENTATIONS = YES;
				CLANG_WARN_DIRECT_OBJC_ISA_USAGE = YES_ERROR;
				CLANG_WARN_DOCUMENTATION_COMMENTS = YES;
				CLANG_WARN_EMPTY_BODY = YES;
				CLANG_WARN_ENUM_CONVERSION = YES;
				CLANG_WARN_INFINITE_RECURSION = YES;
				CLANG_WARN_INT_CONVERSION = YES;
				CLANG_WARN_NON_LITERAL_NULL_CONVERSION = YES;
				CLANG_WARN_OBJC_IMPLICIT_RETAIN_SELF = YES;
				CLANG_WARN_OBJC_LITERAL_CONVERSION = YES;
				CLANG_WARN_OBJC_ROOT_CLASS = YES_ERROR;
				CLANG_WARN_RANGE_LOOP_ANALYSIS = YES;
				CLANG_WARN_STRICT_PROTOTYPES = YES;
				CLANG_WARN_SUSPICIOUS_MOVE = YES;
				CLANG_WARN_UNGUARDED_AVAILABILITY = YES_AGGRESSIVE;
				CLANG_WARN_UNREACHABLE_CODE = YES;
				CLANG_WARN__DUPLICATE_METHOD_MATCH = YES;
				COPY_PHASE_STRIP = NO;
				DEBUG_INFORMATION_FORMAT = "dwarf-with-dsym";
				ENABLE_NS_ASSERTIONS = NO;
				ENABLE_STRICT_OBJC_MSGSEND = YES;
				GCC_C_LANGUAGE_STANDARD = gnu11;
				GCC_NO_COMMON_BLOCKS = YES;
				GCC_WARN_64_TO_32_BIT_CONVERSION = YES;
				GCC_WARN_ABOUT_RETURN_TYPE = YES_ERROR;
				GCC_WARN_UNDECLARED_SELECTOR = YES;
				GCC_WARN_UNINITIALIZED_AUTOS = YES_AGGRESSIVE;
				GCC_WARN_UNUSED_FUNCTION = YES;
				GCC_WARN_UNUSED_VARIABLE = YES;
				IPHONEOS_DEPLOYMENT_TARGET = 13.2;
				MTL_ENABLE_DEBUG_INFO = NO;
				MTL_FAST_MATH = YES;
				SDKROOT = iphoneos;
				SWIFT_COMPILATION_MODE = wholemodule;
				SWIFT_OPTIMIZATION_LEVEL = "-O";
				VALIDATE_PRODUCT = YES;
			};
			name = Release;
		};
		DEB1DFB423A7596D00ED0715 /* Debug */ = {
			isa = XCBuildConfiguration;
			baseConfigurationReference = 791D1F3D965E7D470547D887 /* Pods-TransL8.debug.xcconfig */;
			buildSettings = {
				ASSETCATALOG_COMPILER_APPICON_NAME = AppIcon;
				CODE_SIGN_STYLE = Automatic;
				CURRENT_PROJECT_VERSION = 5;
				DEVELOPMENT_TEAM = 6ZU459JA6J;
				INFOPLIST_FILE = TransL8/Info.plist;
				IPHONEOS_DEPLOYMENT_TARGET = 13.2;
				LD_RUNPATH_SEARCH_PATHS = (
					"$(inherited)",
					"@executable_path/Frameworks",
				);
				PRODUCT_BUNDLE_IDENTIFIER = com.werk01.TransL8;
				PRODUCT_NAME = TransL8;
				SWIFT_VERSION = 5.0;
				TARGETED_DEVICE_FAMILY = 1;
			};
			name = Debug;
		};
		DEB1DFB523A7596D00ED0715 /* Release */ = {
			isa = XCBuildConfiguration;
			baseConfigurationReference = B9B1DCCF245F9EAC2119BDAF /* Pods-TransL8.release.xcconfig */;
			buildSettings = {
				ASSETCATALOG_COMPILER_APPICON_NAME = AppIcon;
				CODE_SIGN_STYLE = Automatic;
				CURRENT_PROJECT_VERSION = 5;
				DEVELOPMENT_TEAM = 6ZU459JA6J;
				INFOPLIST_FILE = TransL8/Info.plist;
				IPHONEOS_DEPLOYMENT_TARGET = 13.2;
				LD_RUNPATH_SEARCH_PATHS = (
					"$(inherited)",
					"@executable_path/Frameworks",
				);
				PRODUCT_BUNDLE_IDENTIFIER = com.werk01.TransL8;
				PRODUCT_NAME = TransL8;
				SWIFT_VERSION = 5.0;
				TARGETED_DEVICE_FAMILY = 1;
			};
			name = Release;
		};
/* End XCBuildConfiguration section */

/* Begin XCConfigurationList section */
		DEB1DF9A23A7595B00ED0715 /* Build configuration list for PBXProject "TransL8" */ = {
			isa = XCConfigurationList;
			buildConfigurations = (
				DEB1DFB123A7596D00ED0715 /* Debug */,
				DEB1DFB223A7596D00ED0715 /* Release */,
			);
			defaultConfigurationIsVisible = 0;
			defaultConfigurationName = Release;
		};
		DEB1DFB323A7596D00ED0715 /* Build configuration list for PBXNativeTarget "TransL8" */ = {
			isa = XCConfigurationList;
			buildConfigurations = (
				DEB1DFB423A7596D00ED0715 /* Debug */,
				DEB1DFB523A7596D00ED0715 /* Release */,
			);
			defaultConfigurationIsVisible = 0;
			defaultConfigurationName = Release;
		};
/* End XCConfigurationList section */
	};
	rootObject = DEB1DF9723A7595B00ED0715 /* Project object */;
}
