// !$*UTF8*$!
{
	archiveVersion = 1;
	classes = {
	};
	objectVersion = 52;
	objects = {

/* Begin PBXBuildFile section */
		09FD22EDD927F420D6141F1F /* Pods_TransL8.framework in Frameworks */ = {isa = PBXBuildFile; fileRef = 9CB0E1217208711C670C3D28 /* Pods_TransL8.framework */; };
		33172BFB94D9B5C211BAECE8 /* Pods_Share.framework in Frameworks */ = {isa = PBXBuildFile; fileRef = 706B145C4F11EB3DB398303F /* Pods_Share.framework */; };
		8C4071192D43EA2E27B1FFA3 /* Pods_Action.framework in Frameworks */ = {isa = PBXBuildFile; fileRef = B604017066DF14F169D2B4C0 /* Pods_Action.framework */; };
		DE01811023BFAE8000FE34D7 /* TranslateViewController+Language.swift in Sources */ = {isa = PBXBuildFile; fileRef = DE01810F23BFAE8000FE34D7 /* TranslateViewController+Language.swift */; };
		DE0DBE4323AE5A44005E2570 /* OnboardingAccessViewController.swift in Sources */ = {isa = PBXBuildFile; fileRef = DE0DBE3A23AE5A44005E2570 /* OnboardingAccessViewController.swift */; };
		DE0DBE4423AE5A44005E2570 /* Onboarding.storyboard in Resources */ = {isa = PBXBuildFile; fileRef = DE0DBE3B23AE5A44005E2570 /* Onboarding.storyboard */; };
		DE0DBE4723AE5A44005E2570 /* OnboardingApiKeyViewController.swift in Sources */ = {isa = PBXBuildFile; fileRef = DE0DBE3E23AE5A44005E2570 /* OnboardingApiKeyViewController.swift */; };
		DE0DBE4A23AE5A44005E2570 /* OnboardingNavigationController.swift in Sources */ = {isa = PBXBuildFile; fileRef = DE0DBE4123AE5A44005E2570 /* OnboardingNavigationController.swift */; };
		DE0DBE4B23AE5A44005E2570 /* Onboarding.xcassets in Resources */ = {isa = PBXBuildFile; fileRef = DE0DBE4223AE5A44005E2570 /* Onboarding.xcassets */; };
		DE0DBE4D23AE5CCD005E2570 /* OnboardingIntroViewController.swift in Sources */ = {isa = PBXBuildFile; fileRef = DE0DBE4C23AE5CCC005E2570 /* OnboardingIntroViewController.swift */; };
		DE0DBE4F23AE6740005E2570 /* UIViewController+Embed.swift in Sources */ = {isa = PBXBuildFile; fileRef = DE0DBE4E23AE6740005E2570 /* UIViewController+Embed.swift */; };
		DE1DE62F23B9EA7100518AFF /* TranslateViewController+Keyboard.swift in Sources */ = {isa = PBXBuildFile; fileRef = DE1DE62E23B9EA7100518AFF /* TranslateViewController+Keyboard.swift */; };
		DE42841823B8F23100D7013D /* TranslateViewController+Document.swift in Sources */ = {isa = PBXBuildFile; fileRef = DE42841723B8F23100D7013D /* TranslateViewController+Document.swift */; };
		DE42841B23B8F6D800D7013D /* RecordViewController.swift in Sources */ = {isa = PBXBuildFile; fileRef = DE42841A23B8F6D800D7013D /* RecordViewController.swift */; };
		DE42841D23B8FB8C00D7013D /* TextPairSelectable.swift in Sources */ = {isa = PBXBuildFile; fileRef = DE42841C23B8FB8C00D7013D /* TextPairSelectable.swift */; };
		DE46DDE223B2401800056919 /* HistoryViewController.swift in Sources */ = {isa = PBXBuildFile; fileRef = DE46DDE123B2401800056919 /* HistoryViewController.swift */; };
		DE46DDE423B2429500056919 /* HistoryCell.swift in Sources */ = {isa = PBXBuildFile; fileRef = DE46DDE323B2429500056919 /* HistoryCell.swift */; };
		DE93D88523AD7DCE00FC9D74 /* Storage.swift in Sources */ = {isa = PBXBuildFile; fileRef = DE93D86923AD7DCE00FC9D74 /* Storage.swift */; };
		DE93D88623AD7DCE00FC9D74 /* SecureStorage.swift in Sources */ = {isa = PBXBuildFile; fileRef = DE93D86A23AD7DCE00FC9D74 /* SecureStorage.swift */; };
		DE93D88723AD7DCE00FC9D74 /* PreferencesViewController.swift in Sources */ = {isa = PBXBuildFile; fileRef = DE93D86B23AD7DCE00FC9D74 /* PreferencesViewController.swift */; };
		DE93D88823AD7DCE00FC9D74 /* PreferencesController.swift in Sources */ = {isa = PBXBuildFile; fileRef = DE93D86C23AD7DCE00FC9D74 /* PreferencesController.swift */; };
		DE93D88923AD7DCE00FC9D74 /* TranslateViewController+Scan.swift in Sources */ = {isa = PBXBuildFile; fileRef = DE93D86E23AD7DCE00FC9D74 /* TranslateViewController+Scan.swift */; };
		DE93D88A23AD7DCE00FC9D74 /* TranslationEngine.swift in Sources */ = {isa = PBXBuildFile; fileRef = DE93D86F23AD7DCE00FC9D74 /* TranslationEngine.swift */; };
		DE93D88B23AD7DCE00FC9D74 /* TranslateViewController+Speak.swift in Sources */ = {isa = PBXBuildFile; fileRef = DE93D87023AD7DCE00FC9D74 /* TranslateViewController+Speak.swift */; };
		DE93D88E23AD7DCE00FC9D74 /* TextPair.swift in Sources */ = {isa = PBXBuildFile; fileRef = DE93D87323AD7DCE00FC9D74 /* TextPair.swift */; };
		DE93D88F23AD7DCE00FC9D74 /* TranslateViewController+Action.swift in Sources */ = {isa = PBXBuildFile; fileRef = DE93D87423AD7DCE00FC9D74 /* TranslateViewController+Action.swift */; };
		DE93D89023AD7DCE00FC9D74 /* TranslateViewController.swift in Sources */ = {isa = PBXBuildFile; fileRef = DE93D87523AD7DCE00FC9D74 /* TranslateViewController.swift */; };
		DE93D89123AD7DCE00FC9D74 /* RootViewController.swift in Sources */ = {isa = PBXBuildFile; fileRef = DE93D87623AD7DCE00FC9D74 /* RootViewController.swift */; };
		DE93D89223AD7DCE00FC9D74 /* Assets.xcassets in Resources */ = {isa = PBXBuildFile; fileRef = DE93D87723AD7DCE00FC9D74 /* Assets.xcassets */; };
		DE93D89323AD7DCE00FC9D74 /* LaunchScreen.storyboard in Resources */ = {isa = PBXBuildFile; fileRef = DE93D87823AD7DCE00FC9D74 /* LaunchScreen.storyboard */; };
		DE93D89423AD7DCE00FC9D74 /* Main.storyboard in Resources */ = {isa = PBXBuildFile; fileRef = DE93D87A23AD7DCE00FC9D74 /* Main.storyboard */; };
		DE93D89523AD7DCE00FC9D74 /* AppDelegate.swift in Sources */ = {isa = PBXBuildFile; fileRef = DE93D87B23AD7DCE00FC9D74 /* AppDelegate.swift */; };
		DE93D89623AD7DCE00FC9D74 /* DeepL.swift in Sources */ = {isa = PBXBuildFile; fileRef = DE93D87D23AD7DCE00FC9D74 /* DeepL.swift */; };
		DE93D89723AD7DCE00FC9D74 /* DeepLService.swift in Sources */ = {isa = PBXBuildFile; fileRef = DE93D87E23AD7DCE00FC9D74 /* DeepLService.swift */; };
		DE93D89823AD7DCE00FC9D74 /* Data+JSONDecode.swift in Sources */ = {isa = PBXBuildFile; fileRef = DE93D88023AD7DCE00FC9D74 /* Data+JSONDecode.swift */; };
		DE93D89923AD7DCE00FC9D74 /* Double+AnimationDefault.swift in Sources */ = {isa = PBXBuildFile; fileRef = DE93D88123AD7DCE00FC9D74 /* Double+AnimationDefault.swift */; };
		DE93D89A23AD7DCE00FC9D74 /* UIView+Border.swift in Sources */ = {isa = PBXBuildFile; fileRef = DE93D88223AD7DCE00FC9D74 /* UIView+Border.swift */; };
		DE93D89C23AD7DCE00FC9D74 /* SceneDelegate.swift in Sources */ = {isa = PBXBuildFile; fileRef = DE93D88423AD7DCE00FC9D74 /* SceneDelegate.swift */; };
		DEA3425F23B6285C00BD4DBF /* FileProviderExtension.swift in Sources */ = {isa = PBXBuildFile; fileRef = DEA3425E23B6285C00BD4DBF /* FileProviderExtension.swift */; };
		DEA3426123B6285C00BD4DBF /* FileProviderItem.swift in Sources */ = {isa = PBXBuildFile; fileRef = DEA3426023B6285C00BD4DBF /* FileProviderItem.swift */; };
		DEA3426323B6285C00BD4DBF /* FileProviderEnumerator.swift in Sources */ = {isa = PBXBuildFile; fileRef = DEA3426223B6285C00BD4DBF /* FileProviderEnumerator.swift */; };
		DEA3427723B6285C00BD4DBF /* TransL8 History.appex in Embed App Extensions */ = {isa = PBXBuildFile; fileRef = DEA3425C23B6285C00BD4DBF /* TransL8 History.appex */; platformFilter = ios; settings = {ATTRIBUTES = (RemoveHeadersOnCopy, ); }; };
		DEA3427E23B62FE800BD4DBF /* TextPair.swift in Sources */ = {isa = PBXBuildFile; fileRef = DE93D87323AD7DCE00FC9D74 /* TextPair.swift */; };
		DEA3427F23B6321600BD4DBF /* PreferencesController.swift in Sources */ = {isa = PBXBuildFile; fileRef = DE93D86C23AD7DCE00FC9D74 /* PreferencesController.swift */; };
		DEA3428023B6321600BD4DBF /* Storage.swift in Sources */ = {isa = PBXBuildFile; fileRef = DE93D86923AD7DCE00FC9D74 /* Storage.swift */; };
		DEA3428123B63C2C00BD4DBF /* SecureStorage.swift in Sources */ = {isa = PBXBuildFile; fileRef = DE93D86A23AD7DCE00FC9D74 /* SecureStorage.swift */; };
		DEA3428323B79DF900BD4DBF /* FileProviderItemIdentifier+TextPair.swift in Sources */ = {isa = PBXBuildFile; fileRef = DEA3428223B79DF900BD4DBF /* FileProviderItemIdentifier+TextPair.swift */; };
		DEA3428623B79ED500BD4DBF /* TextPair+File.swift in Sources */ = {isa = PBXBuildFile; fileRef = DEA3428523B79ED500BD4DBF /* TextPair+File.swift */; };
		DEB8892223B0D7E900906681 /* TranslationEngine.swift in Sources */ = {isa = PBXBuildFile; fileRef = DE93D86F23AD7DCE00FC9D74 /* TranslationEngine.swift */; };
		DEB8892323B0D7E900906681 /* TextPair.swift in Sources */ = {isa = PBXBuildFile; fileRef = DE93D87323AD7DCE00FC9D74 /* TextPair.swift */; };
		DEB8892423B0D7E900906681 /* DeepL.swift in Sources */ = {isa = PBXBuildFile; fileRef = DE93D87D23AD7DCE00FC9D74 /* DeepL.swift */; };
		DEB8892523B0D7E900906681 /* DeepLService.swift in Sources */ = {isa = PBXBuildFile; fileRef = DE93D87E23AD7DCE00FC9D74 /* DeepLService.swift */; };
		DEB8892623B0D7EF00906681 /* PreferencesController.swift in Sources */ = {isa = PBXBuildFile; fileRef = DE93D86C23AD7DCE00FC9D74 /* PreferencesController.swift */; };
		DEB8892723B0D7EF00906681 /* Storage.swift in Sources */ = {isa = PBXBuildFile; fileRef = DE93D86923AD7DCE00FC9D74 /* Storage.swift */; };
		DEB8892823B0D7EF00906681 /* SecureStorage.swift in Sources */ = {isa = PBXBuildFile; fileRef = DE93D86A23AD7DCE00FC9D74 /* SecureStorage.swift */; };
		DEB8893723B10F1C00906681 /* Data+JSONDecode.swift in Sources */ = {isa = PBXBuildFile; fileRef = DE93D88023AD7DCE00FC9D74 /* Data+JSONDecode.swift */; };
		DEB8893823B10F1C00906681 /* Double+AnimationDefault.swift in Sources */ = {isa = PBXBuildFile; fileRef = DE93D88123AD7DCE00FC9D74 /* Double+AnimationDefault.swift */; };
		DEB8893923B10F1C00906681 /* UIView+Border.swift in Sources */ = {isa = PBXBuildFile; fileRef = DE93D88223AD7DCE00FC9D74 /* UIView+Border.swift */; };
		DEB8893A23B10F1C00906681 /* UIViewController+Embed.swift in Sources */ = {isa = PBXBuildFile; fileRef = DE0DBE4E23AE6740005E2570 /* UIViewController+Embed.swift */; };
		DEB8893D23B1143200906681 /* Array+NSExtensionItem.swift in Sources */ = {isa = PBXBuildFile; fileRef = DEB8893C23B1143200906681 /* Array+NSExtensionItem.swift */; };
		DEB8893E23B1143200906681 /* Array+NSExtensionItem.swift in Sources */ = {isa = PBXBuildFile; fileRef = DEB8893C23B1143200906681 /* Array+NSExtensionItem.swift */; };
		DEB8894623B1783600906681 /* ShareViewController.swift in Sources */ = {isa = PBXBuildFile; fileRef = DEB8894523B1783600906681 /* ShareViewController.swift */; };
		DEB8894923B1783600906681 /* MainShare.storyboard in Resources */ = {isa = PBXBuildFile; fileRef = DEB8894723B1783600906681 /* MainShare.storyboard */; };
		DEB8894D23B1783600906681 /* Share.appex in Embed App Extensions */ = {isa = PBXBuildFile; fileRef = DEB8894323B1783600906681 /* Share.appex */; settings = {ATTRIBUTES = (RemoveHeadersOnCopy, ); }; };
		DEB8895223B1791800906681 /* TextPair.swift in Sources */ = {isa = PBXBuildFile; fileRef = DE93D87323AD7DCE00FC9D74 /* TextPair.swift */; };
		DEB8895323B1792300906681 /* Array+NSExtensionItem.swift in Sources */ = {isa = PBXBuildFile; fileRef = DEB8893C23B1143200906681 /* Array+NSExtensionItem.swift */; };
		DEB8895423B1794800906681 /* PreferencesController.swift in Sources */ = {isa = PBXBuildFile; fileRef = DE93D86C23AD7DCE00FC9D74 /* PreferencesController.swift */; };
		DEB8895523B1794800906681 /* Storage.swift in Sources */ = {isa = PBXBuildFile; fileRef = DE93D86923AD7DCE00FC9D74 /* Storage.swift */; };
		DEB8895623B1794800906681 /* SecureStorage.swift in Sources */ = {isa = PBXBuildFile; fileRef = DE93D86A23AD7DCE00FC9D74 /* SecureStorage.swift */; };
		DEB8895723B17D8900906681 /* TranslationEngine.swift in Sources */ = {isa = PBXBuildFile; fileRef = DE93D86F23AD7DCE00FC9D74 /* TranslationEngine.swift */; };
		DEB8895823B17D8900906681 /* DeepL.swift in Sources */ = {isa = PBXBuildFile; fileRef = DE93D87D23AD7DCE00FC9D74 /* DeepL.swift */; };
		DEB8895923B17D8900906681 /* DeepLService.swift in Sources */ = {isa = PBXBuildFile; fileRef = DE93D87E23AD7DCE00FC9D74 /* DeepLService.swift */; };
		DEB8895A23B17D9100906681 /* Data+JSONDecode.swift in Sources */ = {isa = PBXBuildFile; fileRef = DE93D88023AD7DCE00FC9D74 /* Data+JSONDecode.swift */; };
		DEB8895B23B17D9100906681 /* Double+AnimationDefault.swift in Sources */ = {isa = PBXBuildFile; fileRef = DE93D88123AD7DCE00FC9D74 /* Double+AnimationDefault.swift */; };
		DEB8895C23B17D9100906681 /* UIView+Border.swift in Sources */ = {isa = PBXBuildFile; fileRef = DE93D88223AD7DCE00FC9D74 /* UIView+Border.swift */; };
		DEB8895D23B17D9100906681 /* UIViewController+Embed.swift in Sources */ = {isa = PBXBuildFile; fileRef = DE0DBE4E23AE6740005E2570 /* UIViewController+Embed.swift */; };
		DECE07FA23B0D40F00170DD4 /* Media.xcassets in Resources */ = {isa = PBXBuildFile; fileRef = DECE07F923B0D40F00170DD4 /* Media.xcassets */; };
		DECE07FC23B0D40F00170DD4 /* ActionViewController.swift in Sources */ = {isa = PBXBuildFile; fileRef = DECE07FB23B0D40F00170DD4 /* ActionViewController.swift */; };
		DECE07FF23B0D40F00170DD4 /* MainAction.storyboard in Resources */ = {isa = PBXBuildFile; fileRef = DECE07FD23B0D40F00170DD4 /* MainAction.storyboard */; };
		DECE080323B0D40F00170DD4 /* TransL8 in Action.appex in Embed App Extensions */ = {isa = PBXBuildFile; fileRef = DECE07F723B0D40F00170DD4 /* TransL8 in Action.appex */; settings = {ATTRIBUTES = (RemoveHeadersOnCopy, ); }; };
		F96175C15238BAB257590311 /* Pods_File.framework in Frameworks */ = {isa = PBXBuildFile; fileRef = 96A8E04918C6DDD8D2B7C52D /* Pods_File.framework */; };
/* End PBXBuildFile section */

/* Begin PBXContainerItemProxy section */
		DEA3427523B6285C00BD4DBF /* PBXContainerItemProxy */ = {
			isa = PBXContainerItemProxy;
			containerPortal = DEB1DF9723A7595B00ED0715 /* Project object */;
			proxyType = 1;
			remoteGlobalIDString = DEA3425B23B6285C00BD4DBF;
			remoteInfo = File;
		};
		DEB8894B23B1783600906681 /* PBXContainerItemProxy */ = {
			isa = PBXContainerItemProxy;
			containerPortal = DEB1DF9723A7595B00ED0715 /* Project object */;
			proxyType = 1;
			remoteGlobalIDString = DEB8894223B1783600906681;
			remoteInfo = Share;
		};
		DECE080123B0D40F00170DD4 /* PBXContainerItemProxy */ = {
			isa = PBXContainerItemProxy;
			containerPortal = DEB1DF9723A7595B00ED0715 /* Project object */;
			proxyType = 1;
			remoteGlobalIDString = DECE07F623B0D40F00170DD4;
			remoteInfo = Action;
		};
/* End PBXContainerItemProxy section */

/* Begin PBXCopyFilesBuildPhase section */
		DECE07EC23B0273600170DD4 /* Embed App Extensions */ = {
			isa = PBXCopyFilesBuildPhase;
			buildActionMask = 2147483647;
			dstPath = "";
			dstSubfolderSpec = 13;
			files = (
				DEB8894D23B1783600906681 /* Share.appex in Embed App Extensions */,
				DECE080323B0D40F00170DD4 /* TransL8 in Action.appex in Embed App Extensions */,
				DEA3427723B6285C00BD4DBF /* TransL8 History.appex in Embed App Extensions */,
			);
			name = "Embed App Extensions";
			runOnlyForDeploymentPostprocessing = 0;
		};
/* End PBXCopyFilesBuildPhase section */

/* Begin PBXFileReference section */
		4F1549A505028F5F56AB6588 /* Pods-Action.release.xcconfig */ = {isa = PBXFileReference; includeInIndex = 1; lastKnownFileType = text.xcconfig; name = "Pods-Action.release.xcconfig"; path = "Target Support Files/Pods-Action/Pods-Action.release.xcconfig"; sourceTree = "<group>"; };
		5A0B82801ED3AF1C03E31A38 /* Pods-Action.debug.xcconfig */ = {isa = PBXFileReference; includeInIndex = 1; lastKnownFileType = text.xcconfig; name = "Pods-Action.debug.xcconfig"; path = "Target Support Files/Pods-Action/Pods-Action.debug.xcconfig"; sourceTree = "<group>"; };
		5E010BE6326D7BAD654DE042 /* Pods-File.release.xcconfig */ = {isa = PBXFileReference; includeInIndex = 1; lastKnownFileType = text.xcconfig; name = "Pods-File.release.xcconfig"; path = "Target Support Files/Pods-File/Pods-File.release.xcconfig"; sourceTree = "<group>"; };
		706B145C4F11EB3DB398303F /* Pods_Share.framework */ = {isa = PBXFileReference; explicitFileType = wrapper.framework; includeInIndex = 0; path = Pods_Share.framework; sourceTree = BUILT_PRODUCTS_DIR; };
		76144F5E93DA5480C7296AEB /* Pods-Share.debug.xcconfig */ = {isa = PBXFileReference; includeInIndex = 1; lastKnownFileType = text.xcconfig; name = "Pods-Share.debug.xcconfig"; path = "Target Support Files/Pods-Share/Pods-Share.debug.xcconfig"; sourceTree = "<group>"; };
		791D1F3D965E7D470547D887 /* Pods-TransL8.debug.xcconfig */ = {isa = PBXFileReference; includeInIndex = 1; lastKnownFileType = text.xcconfig; name = "Pods-TransL8.debug.xcconfig"; path = "Target Support Files/Pods-TransL8/Pods-TransL8.debug.xcconfig"; sourceTree = "<group>"; };
		96A8E04918C6DDD8D2B7C52D /* Pods_File.framework */ = {isa = PBXFileReference; explicitFileType = wrapper.framework; includeInIndex = 0; path = Pods_File.framework; sourceTree = BUILT_PRODUCTS_DIR; };
		9CB0E1217208711C670C3D28 /* Pods_TransL8.framework */ = {isa = PBXFileReference; explicitFileType = wrapper.framework; includeInIndex = 0; path = Pods_TransL8.framework; sourceTree = BUILT_PRODUCTS_DIR; };
		A2A295E3F8C5851EFFC90199 /* Pods-Share.release.xcconfig */ = {isa = PBXFileReference; includeInIndex = 1; lastKnownFileType = text.xcconfig; name = "Pods-Share.release.xcconfig"; path = "Target Support Files/Pods-Share/Pods-Share.release.xcconfig"; sourceTree = "<group>"; };
		B604017066DF14F169D2B4C0 /* Pods_Action.framework */ = {isa = PBXFileReference; explicitFileType = wrapper.framework; includeInIndex = 0; path = Pods_Action.framework; sourceTree = BUILT_PRODUCTS_DIR; };
		B9B1DCCF245F9EAC2119BDAF /* Pods-TransL8.release.xcconfig */ = {isa = PBXFileReference; includeInIndex = 1; lastKnownFileType = text.xcconfig; name = "Pods-TransL8.release.xcconfig"; path = "Target Support Files/Pods-TransL8/Pods-TransL8.release.xcconfig"; sourceTree = "<group>"; };
		DE01810F23BFAE8000FE34D7 /* TranslateViewController+Language.swift */ = {isa = PBXFileReference; lastKnownFileType = sourcecode.swift; path = "TranslateViewController+Language.swift"; sourceTree = "<group>"; };
		DE0DBE3A23AE5A44005E2570 /* OnboardingAccessViewController.swift */ = {isa = PBXFileReference; fileEncoding = 4; lastKnownFileType = sourcecode.swift; path = OnboardingAccessViewController.swift; sourceTree = "<group>"; };
		DE0DBE3B23AE5A44005E2570 /* Onboarding.storyboard */ = {isa = PBXFileReference; fileEncoding = 4; lastKnownFileType = file.storyboard; path = Onboarding.storyboard; sourceTree = "<group>"; };
		DE0DBE3E23AE5A44005E2570 /* OnboardingApiKeyViewController.swift */ = {isa = PBXFileReference; fileEncoding = 4; lastKnownFileType = sourcecode.swift; path = OnboardingApiKeyViewController.swift; sourceTree = "<group>"; };
		DE0DBE4123AE5A44005E2570 /* OnboardingNavigationController.swift */ = {isa = PBXFileReference; fileEncoding = 4; lastKnownFileType = sourcecode.swift; path = OnboardingNavigationController.swift; sourceTree = "<group>"; };
		DE0DBE4223AE5A44005E2570 /* Onboarding.xcassets */ = {isa = PBXFileReference; lastKnownFileType = folder.assetcatalog; path = Onboarding.xcassets; sourceTree = "<group>"; };
		DE0DBE4C23AE5CCC005E2570 /* OnboardingIntroViewController.swift */ = {isa = PBXFileReference; fileEncoding = 4; lastKnownFileType = sourcecode.swift; path = OnboardingIntroViewController.swift; sourceTree = "<group>"; };
		DE0DBE4E23AE6740005E2570 /* UIViewController+Embed.swift */ = {isa = PBXFileReference; fileEncoding = 4; lastKnownFileType = sourcecode.swift; path = "UIViewController+Embed.swift"; sourceTree = "<group>"; };
		DE1DE62E23B9EA7100518AFF /* TranslateViewController+Keyboard.swift */ = {isa = PBXFileReference; lastKnownFileType = sourcecode.swift; path = "TranslateViewController+Keyboard.swift"; sourceTree = "<group>"; };
		DE42841723B8F23100D7013D /* TranslateViewController+Document.swift */ = {isa = PBXFileReference; lastKnownFileType = sourcecode.swift; path = "TranslateViewController+Document.swift"; sourceTree = "<group>"; };
		DE42841A23B8F6D800D7013D /* RecordViewController.swift */ = {isa = PBXFileReference; lastKnownFileType = sourcecode.swift; path = RecordViewController.swift; sourceTree = "<group>"; };
		DE42841C23B8FB8C00D7013D /* TextPairSelectable.swift */ = {isa = PBXFileReference; lastKnownFileType = sourcecode.swift; path = TextPairSelectable.swift; sourceTree = "<group>"; };
		DE46DDE123B2401800056919 /* HistoryViewController.swift */ = {isa = PBXFileReference; lastKnownFileType = sourcecode.swift; path = HistoryViewController.swift; sourceTree = "<group>"; };
		DE46DDE323B2429500056919 /* HistoryCell.swift */ = {isa = PBXFileReference; lastKnownFileType = sourcecode.swift; path = HistoryCell.swift; sourceTree = "<group>"; };
		DE93D86923AD7DCE00FC9D74 /* Storage.swift */ = {isa = PBXFileReference; fileEncoding = 4; lastKnownFileType = sourcecode.swift; path = Storage.swift; sourceTree = "<group>"; };
		DE93D86A23AD7DCE00FC9D74 /* SecureStorage.swift */ = {isa = PBXFileReference; fileEncoding = 4; lastKnownFileType = sourcecode.swift; path = SecureStorage.swift; sourceTree = "<group>"; };
		DE93D86B23AD7DCE00FC9D74 /* PreferencesViewController.swift */ = {isa = PBXFileReference; fileEncoding = 4; lastKnownFileType = sourcecode.swift; path = PreferencesViewController.swift; sourceTree = "<group>"; };
		DE93D86C23AD7DCE00FC9D74 /* PreferencesController.swift */ = {isa = PBXFileReference; fileEncoding = 4; lastKnownFileType = sourcecode.swift; path = PreferencesController.swift; sourceTree = "<group>"; };
		DE93D86E23AD7DCE00FC9D74 /* TranslateViewController+Scan.swift */ = {isa = PBXFileReference; fileEncoding = 4; lastKnownFileType = sourcecode.swift; path = "TranslateViewController+Scan.swift"; sourceTree = "<group>"; };
		DE93D86F23AD7DCE00FC9D74 /* TranslationEngine.swift */ = {isa = PBXFileReference; fileEncoding = 4; lastKnownFileType = sourcecode.swift; path = TranslationEngine.swift; sourceTree = "<group>"; };
		DE93D87023AD7DCE00FC9D74 /* TranslateViewController+Speak.swift */ = {isa = PBXFileReference; fileEncoding = 4; lastKnownFileType = sourcecode.swift; path = "TranslateViewController+Speak.swift"; sourceTree = "<group>"; };
		DE93D87323AD7DCE00FC9D74 /* TextPair.swift */ = {isa = PBXFileReference; fileEncoding = 4; lastKnownFileType = sourcecode.swift; path = TextPair.swift; sourceTree = "<group>"; };
		DE93D87423AD7DCE00FC9D74 /* TranslateViewController+Action.swift */ = {isa = PBXFileReference; fileEncoding = 4; lastKnownFileType = sourcecode.swift; path = "TranslateViewController+Action.swift"; sourceTree = "<group>"; };
		DE93D87523AD7DCE00FC9D74 /* TranslateViewController.swift */ = {isa = PBXFileReference; fileEncoding = 4; lastKnownFileType = sourcecode.swift; path = TranslateViewController.swift; sourceTree = "<group>"; };
		DE93D87623AD7DCE00FC9D74 /* RootViewController.swift */ = {isa = PBXFileReference; fileEncoding = 4; lastKnownFileType = sourcecode.swift; path = RootViewController.swift; sourceTree = "<group>"; };
		DE93D87723AD7DCE00FC9D74 /* Assets.xcassets */ = {isa = PBXFileReference; lastKnownFileType = folder.assetcatalog; path = Assets.xcassets; sourceTree = "<group>"; };
		DE93D87923AD7DCE00FC9D74 /* Base */ = {isa = PBXFileReference; lastKnownFileType = file.storyboard; name = Base; path = Base.lproj/LaunchScreen.storyboard; sourceTree = "<group>"; };
		DE93D87A23AD7DCE00FC9D74 /* Main.storyboard */ = {isa = PBXFileReference; fileEncoding = 4; lastKnownFileType = file.storyboard; path = Main.storyboard; sourceTree = "<group>"; };
		DE93D87B23AD7DCE00FC9D74 /* AppDelegate.swift */ = {isa = PBXFileReference; fileEncoding = 4; lastKnownFileType = sourcecode.swift; path = AppDelegate.swift; sourceTree = "<group>"; };
		DE93D87D23AD7DCE00FC9D74 /* DeepL.swift */ = {isa = PBXFileReference; fileEncoding = 4; lastKnownFileType = sourcecode.swift; path = DeepL.swift; sourceTree = "<group>"; };
		DE93D87E23AD7DCE00FC9D74 /* DeepLService.swift */ = {isa = PBXFileReference; fileEncoding = 4; lastKnownFileType = sourcecode.swift; path = DeepLService.swift; sourceTree = "<group>"; };
		DE93D88023AD7DCE00FC9D74 /* Data+JSONDecode.swift */ = {isa = PBXFileReference; fileEncoding = 4; lastKnownFileType = sourcecode.swift; path = "Data+JSONDecode.swift"; sourceTree = "<group>"; };
		DE93D88123AD7DCE00FC9D74 /* Double+AnimationDefault.swift */ = {isa = PBXFileReference; fileEncoding = 4; lastKnownFileType = sourcecode.swift; path = "Double+AnimationDefault.swift"; sourceTree = "<group>"; };
		DE93D88223AD7DCE00FC9D74 /* UIView+Border.swift */ = {isa = PBXFileReference; fileEncoding = 4; lastKnownFileType = sourcecode.swift; path = "UIView+Border.swift"; sourceTree = "<group>"; };
		DE93D88323AD7DCE00FC9D74 /* Info.plist */ = {isa = PBXFileReference; fileEncoding = 4; lastKnownFileType = text.plist.xml; path = Info.plist; sourceTree = "<group>"; };
		DE93D88423AD7DCE00FC9D74 /* SceneDelegate.swift */ = {isa = PBXFileReference; fileEncoding = 4; lastKnownFileType = sourcecode.swift; path = SceneDelegate.swift; sourceTree = "<group>"; };
		DEA3425C23B6285C00BD4DBF /* TransL8 History.appex */ = {isa = PBXFileReference; explicitFileType = "wrapper.app-extension"; includeInIndex = 0; path = "TransL8 History.appex"; sourceTree = BUILT_PRODUCTS_DIR; };
		DEA3425E23B6285C00BD4DBF /* FileProviderExtension.swift */ = {isa = PBXFileReference; lastKnownFileType = sourcecode.swift; path = FileProviderExtension.swift; sourceTree = "<group>"; };
		DEA3426023B6285C00BD4DBF /* FileProviderItem.swift */ = {isa = PBXFileReference; lastKnownFileType = sourcecode.swift; path = FileProviderItem.swift; sourceTree = "<group>"; };
		DEA3426223B6285C00BD4DBF /* FileProviderEnumerator.swift */ = {isa = PBXFileReference; lastKnownFileType = sourcecode.swift; path = FileProviderEnumerator.swift; sourceTree = "<group>"; };
		DEA3426423B6285C00BD4DBF /* Info.plist */ = {isa = PBXFileReference; lastKnownFileType = text.plist.xml; path = Info.plist; sourceTree = "<group>"; };
		DEA3426523B6285C00BD4DBF /* File.entitlements */ = {isa = PBXFileReference; lastKnownFileType = text.plist.entitlements; path = File.entitlements; sourceTree = "<group>"; };
		DEA3428223B79DF900BD4DBF /* FileProviderItemIdentifier+TextPair.swift */ = {isa = PBXFileReference; lastKnownFileType = sourcecode.swift; path = "FileProviderItemIdentifier+TextPair.swift"; sourceTree = "<group>"; };
		DEA3428523B79ED500BD4DBF /* TextPair+File.swift */ = {isa = PBXFileReference; lastKnownFileType = sourcecode.swift; path = "TextPair+File.swift"; sourceTree = "<group>"; };
		DEB1DF9F23A7595B00ED0715 /* TransL8.app */ = {isa = PBXFileReference; explicitFileType = wrapper.application; includeInIndex = 0; path = TransL8.app; sourceTree = BUILT_PRODUCTS_DIR; };
		DEB8893B23B1113C00906681 /* TransL8 in Action.entitlements */ = {isa = PBXFileReference; lastKnownFileType = text.plist.entitlements; path = "TransL8 in Action.entitlements"; sourceTree = "<group>"; };
		DEB8893C23B1143200906681 /* Array+NSExtensionItem.swift */ = {isa = PBXFileReference; lastKnownFileType = sourcecode.swift; path = "Array+NSExtensionItem.swift"; sourceTree = "<group>"; };
		DEB8894323B1783600906681 /* Share.appex */ = {isa = PBXFileReference; explicitFileType = "wrapper.app-extension"; includeInIndex = 0; path = Share.appex; sourceTree = BUILT_PRODUCTS_DIR; };
		DEB8894523B1783600906681 /* ShareViewController.swift */ = {isa = PBXFileReference; lastKnownFileType = sourcecode.swift; path = ShareViewController.swift; sourceTree = "<group>"; };
		DEB8894823B1783600906681 /* Base */ = {isa = PBXFileReference; lastKnownFileType = file.storyboard; name = Base; path = Base.lproj/MainShare.storyboard; sourceTree = "<group>"; };
		DEB8894A23B1783600906681 /* Info.plist */ = {isa = PBXFileReference; lastKnownFileType = text.plist.xml; path = Info.plist; sourceTree = "<group>"; };
		DEB8895123B1787400906681 /* Share.entitlements */ = {isa = PBXFileReference; lastKnownFileType = text.plist.entitlements; path = Share.entitlements; sourceTree = "<group>"; };
		DECE07F023B0D0DB00170DD4 /* TransL8.entitlements */ = {isa = PBXFileReference; lastKnownFileType = text.plist.entitlements; path = TransL8.entitlements; sourceTree = "<group>"; };
		DECE07F723B0D40F00170DD4 /* TransL8 in Action.appex */ = {isa = PBXFileReference; explicitFileType = "wrapper.app-extension"; includeInIndex = 0; path = "TransL8 in Action.appex"; sourceTree = BUILT_PRODUCTS_DIR; };
		DECE07F923B0D40F00170DD4 /* Media.xcassets */ = {isa = PBXFileReference; lastKnownFileType = folder.assetcatalog; path = Media.xcassets; sourceTree = "<group>"; };
		DECE07FB23B0D40F00170DD4 /* ActionViewController.swift */ = {isa = PBXFileReference; lastKnownFileType = sourcecode.swift; path = ActionViewController.swift; sourceTree = "<group>"; };
		DECE07FE23B0D40F00170DD4 /* Base */ = {isa = PBXFileReference; lastKnownFileType = file.storyboard; name = Base; path = Base.lproj/MainAction.storyboard; sourceTree = "<group>"; };
		DECE080023B0D40F00170DD4 /* Info.plist */ = {isa = PBXFileReference; lastKnownFileType = text.plist.xml; path = Info.plist; sourceTree = "<group>"; };
		FD6BFD3ABE4805DAFF455D89 /* Pods-File.debug.xcconfig */ = {isa = PBXFileReference; includeInIndex = 1; lastKnownFileType = text.xcconfig; name = "Pods-File.debug.xcconfig"; path = "Target Support Files/Pods-File/Pods-File.debug.xcconfig"; sourceTree = "<group>"; };
/* End PBXFileReference section */

/* Begin PBXFrameworksBuildPhase section */
		DEA3425923B6285C00BD4DBF /* Frameworks */ = {
			isa = PBXFrameworksBuildPhase;
			buildActionMask = 2147483647;
			files = (
				F96175C15238BAB257590311 /* Pods_File.framework in Frameworks */,
			);
			runOnlyForDeploymentPostprocessing = 0;
		};
		DEB1DF9C23A7595B00ED0715 /* Frameworks */ = {
			isa = PBXFrameworksBuildPhase;
			buildActionMask = 2147483647;
			files = (
				09FD22EDD927F420D6141F1F /* Pods_TransL8.framework in Frameworks */,
			);
			runOnlyForDeploymentPostprocessing = 0;
		};
		DEB8894023B1783600906681 /* Frameworks */ = {
			isa = PBXFrameworksBuildPhase;
			buildActionMask = 2147483647;
			files = (
				33172BFB94D9B5C211BAECE8 /* Pods_Share.framework in Frameworks */,
			);
			runOnlyForDeploymentPostprocessing = 0;
		};
		DECE07F423B0D40F00170DD4 /* Frameworks */ = {
			isa = PBXFrameworksBuildPhase;
			buildActionMask = 2147483647;
			files = (
				8C4071192D43EA2E27B1FFA3 /* Pods_Action.framework in Frameworks */,
			);
			runOnlyForDeploymentPostprocessing = 0;
		};
/* End PBXFrameworksBuildPhase section */

/* Begin PBXGroup section */
		1F04119FDBD3185448C86436 /* Pods */ = {
			isa = PBXGroup;
			children = (
				791D1F3D965E7D470547D887 /* Pods-TransL8.debug.xcconfig */,
				B9B1DCCF245F9EAC2119BDAF /* Pods-TransL8.release.xcconfig */,
				5A0B82801ED3AF1C03E31A38 /* Pods-Action.debug.xcconfig */,
				4F1549A505028F5F56AB6588 /* Pods-Action.release.xcconfig */,
				76144F5E93DA5480C7296AEB /* Pods-Share.debug.xcconfig */,
				A2A295E3F8C5851EFFC90199 /* Pods-Share.release.xcconfig */,
				FD6BFD3ABE4805DAFF455D89 /* Pods-File.debug.xcconfig */,
				5E010BE6326D7BAD654DE042 /* Pods-File.release.xcconfig */,
			);
			path = Pods;
			sourceTree = "<group>";
		};
		64DD36EAAE5AAFBCD2FACDBE /* Frameworks */ = {
			isa = PBXGroup;
			children = (
				9CB0E1217208711C670C3D28 /* Pods_TransL8.framework */,
				B604017066DF14F169D2B4C0 /* Pods_Action.framework */,
				706B145C4F11EB3DB398303F /* Pods_Share.framework */,
				96A8E04918C6DDD8D2B7C52D /* Pods_File.framework */,
			);
			name = Frameworks;
			sourceTree = "<group>";
		};
		DE0DBE3923AE5A44005E2570 /* Onboarding */ = {
			isa = PBXGroup;
			children = (
				DE0DBE3B23AE5A44005E2570 /* Onboarding.storyboard */,
				DE0DBE4C23AE5CCC005E2570 /* OnboardingIntroViewController.swift */,
				DE0DBE3A23AE5A44005E2570 /* OnboardingAccessViewController.swift */,
				DE0DBE3E23AE5A44005E2570 /* OnboardingApiKeyViewController.swift */,
				DE0DBE4123AE5A44005E2570 /* OnboardingNavigationController.swift */,
				DE0DBE4223AE5A44005E2570 /* Onboarding.xcassets */,
			);
			path = Onboarding;
			sourceTree = "<group>";
		};
		DE42841923B8F58C00D7013D /* Record */ = {
			isa = PBXGroup;
			children = (
				DE42841A23B8F6D800D7013D /* RecordViewController.swift */,
			);
			path = Record;
			sourceTree = "<group>";
		};
		DE46DDDE23B23F7500056919 /* History */ = {
			isa = PBXGroup;
			children = (
				DE46DDE123B2401800056919 /* HistoryViewController.swift */,
				DE46DDE323B2429500056919 /* HistoryCell.swift */,
			);
			path = History;
			sourceTree = "<group>";
		};
		DE93D86723AD7DCE00FC9D74 /* TransL8 */ = {
			isa = PBXGroup;
			children = (
				DE0DBE3923AE5A44005E2570 /* Onboarding */,
				DE93D86823AD7DCE00FC9D74 /* Preferences */,
				DE93D86D23AD7DCE00FC9D74 /* Translation */,
				DE46DDDE23B23F7500056919 /* History */,
				DE42841923B8F58C00D7013D /* Record */,
				DE93D87B23AD7DCE00FC9D74 /* AppDelegate.swift */,
				DE93D88423AD7DCE00FC9D74 /* SceneDelegate.swift */,
				DE93D87623AD7DCE00FC9D74 /* RootViewController.swift */,
				DE93D87A23AD7DCE00FC9D74 /* Main.storyboard */,
				DE93D87823AD7DCE00FC9D74 /* LaunchScreen.storyboard */,
				DE93D87723AD7DCE00FC9D74 /* Assets.xcassets */,
				DECE07F023B0D0DB00170DD4 /* TransL8.entitlements */,
				DE93D88323AD7DCE00FC9D74 /* Info.plist */,
			);
			path = TransL8;
			sourceTree = "<group>";
		};
		DE93D86823AD7DCE00FC9D74 /* Preferences */ = {
			isa = PBXGroup;
			children = (
				DE93D86B23AD7DCE00FC9D74 /* PreferencesViewController.swift */,
			);
			path = Preferences;
			sourceTree = "<group>";
		};
		DE93D86D23AD7DCE00FC9D74 /* Translation */ = {
			isa = PBXGroup;
			children = (
				DE93D87523AD7DCE00FC9D74 /* TranslateViewController.swift */,
				DE93D87423AD7DCE00FC9D74 /* TranslateViewController+Action.swift */,
				DE93D86E23AD7DCE00FC9D74 /* TranslateViewController+Scan.swift */,
				DE93D87023AD7DCE00FC9D74 /* TranslateViewController+Speak.swift */,
				DE42841723B8F23100D7013D /* TranslateViewController+Document.swift */,
				DE1DE62E23B9EA7100518AFF /* TranslateViewController+Keyboard.swift */,
				DE01810F23BFAE8000FE34D7 /* TranslateViewController+Language.swift */,
				DE42841C23B8FB8C00D7013D /* TextPairSelectable.swift */,
			);
			path = Translation;
			sourceTree = "<group>";
		};
		DE93D87C23AD7DCE00FC9D74 /* Service */ = {
			isa = PBXGroup;
			children = (
				DE93D86F23AD7DCE00FC9D74 /* TranslationEngine.swift */,
				DE93D87323AD7DCE00FC9D74 /* TextPair.swift */,
				DE93D87D23AD7DCE00FC9D74 /* DeepL.swift */,
				DE93D87E23AD7DCE00FC9D74 /* DeepLService.swift */,
			);
			path = Service;
			sourceTree = "<group>";
		};
		DE93D87F23AD7DCE00FC9D74 /* Helper */ = {
			isa = PBXGroup;
			children = (
				DE93D88023AD7DCE00FC9D74 /* Data+JSONDecode.swift */,
				DE93D88123AD7DCE00FC9D74 /* Double+AnimationDefault.swift */,
				DE93D88223AD7DCE00FC9D74 /* UIView+Border.swift */,
				DE0DBE4E23AE6740005E2570 /* UIViewController+Embed.swift */,
				DEB8893C23B1143200906681 /* Array+NSExtensionItem.swift */,
			);
			path = Helper;
			sourceTree = "<group>";
		};
		DEA3425D23B6285C00BD4DBF /* File */ = {
			isa = PBXGroup;
			children = (
				DEA3428423B79E3B00BD4DBF /* Model */,
				DEA3425E23B6285C00BD4DBF /* FileProviderExtension.swift */,
				DEA3426223B6285C00BD4DBF /* FileProviderEnumerator.swift */,
				DEA3426423B6285C00BD4DBF /* Info.plist */,
				DEA3426523B6285C00BD4DBF /* File.entitlements */,
			);
			path = File;
			sourceTree = "<group>";
		};
		DEA3428423B79E3B00BD4DBF /* Model */ = {
			isa = PBXGroup;
			children = (
				DEA3426023B6285C00BD4DBF /* FileProviderItem.swift */,
				DEA3428223B79DF900BD4DBF /* FileProviderItemIdentifier+TextPair.swift */,
				DEA3428523B79ED500BD4DBF /* TextPair+File.swift */,
			);
			path = Model;
			sourceTree = "<group>";
		};
		DEB1DF9623A7595B00ED0715 = {
			isa = PBXGroup;
			children = (
				DECE07F123B0D38400170DD4 /* Shared */,
				DE93D86723AD7DCE00FC9D74 /* TransL8 */,
				DECE07F823B0D40F00170DD4 /* Action */,
				DEB8894423B1783600906681 /* Share */,
				DEA3425D23B6285C00BD4DBF /* File */,
				DEB1DFA023A7595B00ED0715 /* Products */,
				1F04119FDBD3185448C86436 /* Pods */,
				64DD36EAAE5AAFBCD2FACDBE /* Frameworks */,
			);
			sourceTree = "<group>";
		};
		DEB1DFA023A7595B00ED0715 /* Products */ = {
			isa = PBXGroup;
			children = (
				DEB1DF9F23A7595B00ED0715 /* TransL8.app */,
				DECE07F723B0D40F00170DD4 /* TransL8 in Action.appex */,
				DEB8894323B1783600906681 /* Share.appex */,
				DEA3425C23B6285C00BD4DBF /* TransL8 History.appex */,
			);
			name = Products;
			sourceTree = "<group>";
		};
		DEB8894423B1783600906681 /* Share */ = {
			isa = PBXGroup;
			children = (
				DEB8895123B1787400906681 /* Share.entitlements */,
				DEB8894523B1783600906681 /* ShareViewController.swift */,
				DEB8894723B1783600906681 /* MainShare.storyboard */,
				DEB8894A23B1783600906681 /* Info.plist */,
			);
			path = Share;
			sourceTree = "<group>";
		};
		DECE07F123B0D38400170DD4 /* Shared */ = {
			isa = PBXGroup;
			children = (
				DE93D87C23AD7DCE00FC9D74 /* Service */,
				DECE07F223B0D3AA00170DD4 /* Preferences */,
				DE93D87F23AD7DCE00FC9D74 /* Helper */,
			);
			path = Shared;
			sourceTree = "<group>";
		};
		DECE07F223B0D3AA00170DD4 /* Preferences */ = {
			isa = PBXGroup;
			children = (
				DE93D86C23AD7DCE00FC9D74 /* PreferencesController.swift */,
				DE93D86923AD7DCE00FC9D74 /* Storage.swift */,
				DE93D86A23AD7DCE00FC9D74 /* SecureStorage.swift */,
			);
			path = Preferences;
			sourceTree = "<group>";
		};
		DECE07F823B0D40F00170DD4 /* Action */ = {
			isa = PBXGroup;
			children = (
				DEB8893B23B1113C00906681 /* TransL8 in Action.entitlements */,
				DECE07FB23B0D40F00170DD4 /* ActionViewController.swift */,
				DECE07FD23B0D40F00170DD4 /* MainAction.storyboard */,
				DECE07F923B0D40F00170DD4 /* Media.xcassets */,
				DECE080023B0D40F00170DD4 /* Info.plist */,
			);
			path = Action;
			sourceTree = "<group>";
		};
/* End PBXGroup section */

/* Begin PBXNativeTarget section */
		DEA3425B23B6285C00BD4DBF /* File */ = {
			isa = PBXNativeTarget;
			buildConfigurationList = DEA3427D23B6285C00BD4DBF /* Build configuration list for PBXNativeTarget "File" */;
			buildPhases = (
				346EDBE5C48CF529B6BDA047 /* [CP] Check Pods Manifest.lock */,
				DEA3425823B6285C00BD4DBF /* Sources */,
				DEA3425923B6285C00BD4DBF /* Frameworks */,
				DEA3425A23B6285C00BD4DBF /* Resources */,
			);
			buildRules = (
			);
			dependencies = (
			);
			name = File;
			productName = File;
			productReference = DEA3425C23B6285C00BD4DBF /* TransL8 History.appex */;
			productType = "com.apple.product-type.app-extension";
		};
		DEB1DF9E23A7595B00ED0715 /* TransL8 */ = {
			isa = PBXNativeTarget;
			buildConfigurationList = DEB1DFB323A7596D00ED0715 /* Build configuration list for PBXNativeTarget "TransL8" */;
			buildPhases = (
				DE6D779823B7BDC300B6CA32 /* Copy Build Numbers */,
				675AD5DB3AA012A23CF8D4BE /* [CP] Check Pods Manifest.lock */,
				DEB1DF9B23A7595B00ED0715 /* Sources */,
				DEB1DF9C23A7595B00ED0715 /* Frameworks */,
				DEB1DF9D23A7595B00ED0715 /* Resources */,
				E6ED46D99986BF11BF7323C2 /* [CP] Embed Pods Frameworks */,
				DECE07EC23B0273600170DD4 /* Embed App Extensions */,
			);
			buildRules = (
			);
			dependencies = (
				DECE080223B0D40F00170DD4 /* PBXTargetDependency */,
				DEB8894C23B1783600906681 /* PBXTargetDependency */,
				DEA3427623B6285C00BD4DBF /* PBXTargetDependency */,
			);
			name = TransL8;
			productName = TransL8;
			productReference = DEB1DF9F23A7595B00ED0715 /* TransL8.app */;
			productType = "com.apple.product-type.application";
		};
		DEB8894223B1783600906681 /* Share */ = {
			isa = PBXNativeTarget;
			buildConfigurationList = DEB8895023B1783600906681 /* Build configuration list for PBXNativeTarget "Share" */;
			buildPhases = (
				B47ACFBA7E9A6682DC1059AB /* [CP] Check Pods Manifest.lock */,
				DEB8893F23B1783600906681 /* Sources */,
				DEB8894023B1783600906681 /* Frameworks */,
				DEB8894123B1783600906681 /* Resources */,
			);
			buildRules = (
			);
			dependencies = (
			);
			name = Share;
			productName = Share;
			productReference = DEB8894323B1783600906681 /* Share.appex */;
			productType = "com.apple.product-type.app-extension";
		};
		DECE07F623B0D40F00170DD4 /* Action */ = {
			isa = PBXNativeTarget;
			buildConfigurationList = DECE080423B0D40F00170DD4 /* Build configuration list for PBXNativeTarget "Action" */;
			buildPhases = (
				9EF427AB36ED7F286598666A /* [CP] Check Pods Manifest.lock */,
				DECE07F323B0D40F00170DD4 /* Sources */,
				DECE07F423B0D40F00170DD4 /* Frameworks */,
				DECE07F523B0D40F00170DD4 /* Resources */,
			);
			buildRules = (
			);
			dependencies = (
			);
			name = Action;
			productName = Action;
			productReference = DECE07F723B0D40F00170DD4 /* TransL8 in Action.appex */;
			productType = "com.apple.product-type.app-extension";
		};
/* End PBXNativeTarget section */

/* Begin PBXProject section */
		DEB1DF9723A7595B00ED0715 /* Project object */ = {
			isa = PBXProject;
			attributes = {
				LastSwiftUpdateCheck = 1130;
				LastUpgradeCheck = 1130;
				ORGANIZATIONNAME = "Oliver Michalak";
				TargetAttributes = {
					DEA3425B23B6285C00BD4DBF = {
						CreatedOnToolsVersion = 11.3;
					};
					DEB1DF9E23A7595B00ED0715 = {
						CreatedOnToolsVersion = 11.3;
					};
					DEB8894223B1783600906681 = {
						CreatedOnToolsVersion = 11.3;
					};
					DECE07F623B0D40F00170DD4 = {
						CreatedOnToolsVersion = 11.3;
					};
				};
			};
			buildConfigurationList = DEB1DF9A23A7595B00ED0715 /* Build configuration list for PBXProject "TransL8" */;
			compatibilityVersion = "Xcode 9.3";
			developmentRegion = en;
			hasScannedForEncodings = 0;
			knownRegions = (
				en,
				Base,
			);
			mainGroup = DEB1DF9623A7595B00ED0715;
			productRefGroup = DEB1DFA023A7595B00ED0715 /* Products */;
			projectDirPath = "";
			projectRoot = "";
			targets = (
				DEB1DF9E23A7595B00ED0715 /* TransL8 */,
				DECE07F623B0D40F00170DD4 /* Action */,
				DEB8894223B1783600906681 /* Share */,
				DEA3425B23B6285C00BD4DBF /* File */,
			);
		};
/* End PBXProject section */

/* Begin PBXResourcesBuildPhase section */
		DEA3425A23B6285C00BD4DBF /* Resources */ = {
			isa = PBXResourcesBuildPhase;
			buildActionMask = 2147483647;
			files = (
			);
			runOnlyForDeploymentPostprocessing = 0;
		};
		DEB1DF9D23A7595B00ED0715 /* Resources */ = {
			isa = PBXResourcesBuildPhase;
			buildActionMask = 2147483647;
			files = (
				DE0DBE4B23AE5A44005E2570 /* Onboarding.xcassets in Resources */,
				DE93D89423AD7DCE00FC9D74 /* Main.storyboard in Resources */,
				DE93D89223AD7DCE00FC9D74 /* Assets.xcassets in Resources */,
				DE93D89323AD7DCE00FC9D74 /* LaunchScreen.storyboard in Resources */,
				DE0DBE4423AE5A44005E2570 /* Onboarding.storyboard in Resources */,
			);
			runOnlyForDeploymentPostprocessing = 0;
		};
		DEB8894123B1783600906681 /* Resources */ = {
			isa = PBXResourcesBuildPhase;
			buildActionMask = 2147483647;
			files = (
				DEB8894923B1783600906681 /* MainShare.storyboard in Resources */,
			);
			runOnlyForDeploymentPostprocessing = 0;
		};
		DECE07F523B0D40F00170DD4 /* Resources */ = {
			isa = PBXResourcesBuildPhase;
			buildActionMask = 2147483647;
			files = (
				DECE07FA23B0D40F00170DD4 /* Media.xcassets in Resources */,
				DECE07FF23B0D40F00170DD4 /* MainAction.storyboard in Resources */,
			);
			runOnlyForDeploymentPostprocessing = 0;
		};
/* End PBXResourcesBuildPhase section */

/* Begin PBXShellScriptBuildPhase section */
		346EDBE5C48CF529B6BDA047 /* [CP] Check Pods Manifest.lock */ = {
			isa = PBXShellScriptBuildPhase;
			buildActionMask = 2147483647;
			files = (
			);
			inputFileListPaths = (
			);
			inputPaths = (
				"${PODS_PODFILE_DIR_PATH}/Podfile.lock",
				"${PODS_ROOT}/Manifest.lock",
			);
			name = "[CP] Check Pods Manifest.lock";
			outputFileListPaths = (
			);
			outputPaths = (
				"$(DERIVED_FILE_DIR)/Pods-File-checkManifestLockResult.txt",
			);
			runOnlyForDeploymentPostprocessing = 0;
			shellPath = /bin/sh;
			shellScript = "diff \"${PODS_PODFILE_DIR_PATH}/Podfile.lock\" \"${PODS_ROOT}/Manifest.lock\" > /dev/null\nif [ $? != 0 ] ; then\n    # print error to STDERR\n    echo \"error: The sandbox is not in sync with the Podfile.lock. Run 'pod install' or update your CocoaPods installation.\" >&2\n    exit 1\nfi\n# This output is used by Xcode 'outputs' to avoid re-running this script phase.\necho \"SUCCESS\" > \"${SCRIPT_OUTPUT_FILE_0}\"\n";
			showEnvVarsInLog = 0;
		};
		675AD5DB3AA012A23CF8D4BE /* [CP] Check Pods Manifest.lock */ = {
			isa = PBXShellScriptBuildPhase;
			buildActionMask = 2147483647;
			files = (
			);
			inputFileListPaths = (
			);
			inputPaths = (
				"${PODS_PODFILE_DIR_PATH}/Podfile.lock",
				"${PODS_ROOT}/Manifest.lock",
			);
			name = "[CP] Check Pods Manifest.lock";
			outputFileListPaths = (
			);
			outputPaths = (
				"$(DERIVED_FILE_DIR)/Pods-TransL8-checkManifestLockResult.txt",
			);
			runOnlyForDeploymentPostprocessing = 0;
			shellPath = /bin/sh;
			shellScript = "diff \"${PODS_PODFILE_DIR_PATH}/Podfile.lock\" \"${PODS_ROOT}/Manifest.lock\" > /dev/null\nif [ $? != 0 ] ; then\n    # print error to STDERR\n    echo \"error: The sandbox is not in sync with the Podfile.lock. Run 'pod install' or update your CocoaPods installation.\" >&2\n    exit 1\nfi\n# This output is used by Xcode 'outputs' to avoid re-running this script phase.\necho \"SUCCESS\" > \"${SCRIPT_OUTPUT_FILE_0}\"\n";
			showEnvVarsInLog = 0;
		};
		9EF427AB36ED7F286598666A /* [CP] Check Pods Manifest.lock */ = {
			isa = PBXShellScriptBuildPhase;
			buildActionMask = 2147483647;
			files = (
			);
			inputFileListPaths = (
			);
			inputPaths = (
				"${PODS_PODFILE_DIR_PATH}/Podfile.lock",
				"${PODS_ROOT}/Manifest.lock",
			);
			name = "[CP] Check Pods Manifest.lock";
			outputFileListPaths = (
			);
			outputPaths = (
				"$(DERIVED_FILE_DIR)/Pods-Action-checkManifestLockResult.txt",
			);
			runOnlyForDeploymentPostprocessing = 0;
			shellPath = /bin/sh;
			shellScript = "diff \"${PODS_PODFILE_DIR_PATH}/Podfile.lock\" \"${PODS_ROOT}/Manifest.lock\" > /dev/null\nif [ $? != 0 ] ; then\n    # print error to STDERR\n    echo \"error: The sandbox is not in sync with the Podfile.lock. Run 'pod install' or update your CocoaPods installation.\" >&2\n    exit 1\nfi\n# This output is used by Xcode 'outputs' to avoid re-running this script phase.\necho \"SUCCESS\" > \"${SCRIPT_OUTPUT_FILE_0}\"\n";
			showEnvVarsInLog = 0;
		};
		B47ACFBA7E9A6682DC1059AB /* [CP] Check Pods Manifest.lock */ = {
			isa = PBXShellScriptBuildPhase;
			buildActionMask = 2147483647;
			files = (
			);
			inputFileListPaths = (
			);
			inputPaths = (
				"${PODS_PODFILE_DIR_PATH}/Podfile.lock",
				"${PODS_ROOT}/Manifest.lock",
			);
			name = "[CP] Check Pods Manifest.lock";
			outputFileListPaths = (
			);
			outputPaths = (
				"$(DERIVED_FILE_DIR)/Pods-Share-checkManifestLockResult.txt",
			);
			runOnlyForDeploymentPostprocessing = 0;
			shellPath = /bin/sh;
			shellScript = "diff \"${PODS_PODFILE_DIR_PATH}/Podfile.lock\" \"${PODS_ROOT}/Manifest.lock\" > /dev/null\nif [ $? != 0 ] ; then\n    # print error to STDERR\n    echo \"error: The sandbox is not in sync with the Podfile.lock. Run 'pod install' or update your CocoaPods installation.\" >&2\n    exit 1\nfi\n# This output is used by Xcode 'outputs' to avoid re-running this script phase.\necho \"SUCCESS\" > \"${SCRIPT_OUTPUT_FILE_0}\"\n";
			showEnvVarsInLog = 0;
		};
		DE6D779823B7BDC300B6CA32 /* Copy Build Numbers */ = {
			isa = PBXShellScriptBuildPhase;
			buildActionMask = 12;
			files = (
			);
			inputFileListPaths = (
			);
			inputPaths = (
			);
			name = "Copy Build Numbers";
			outputFileListPaths = (
			);
			outputPaths = (
			);
			runOnlyForDeploymentPostprocessing = 0;
			shellPath = /bin/sh;
			shellScript = "/usr/libexec/PlistBuddy -c \"Set :CFBundleVersion $CURRENT_PROJECT_VERSION\" TransL8/Info.plist\n/usr/libexec/PlistBuddy -c \"Set :CFBundleVersion $CURRENT_PROJECT_VERSION\" Action/Info.plist\n/usr/libexec/PlistBuddy -c \"Set :CFBundleVersion $CURRENT_PROJECT_VERSION\" Share/Info.plist\n/usr/libexec/PlistBuddy -c \"Set :CFBundleVersion $CURRENT_PROJECT_VERSION\" File/Info.plist\n";
		};
		E6ED46D99986BF11BF7323C2 /* [CP] Embed Pods Frameworks */ = {
			isa = PBXShellScriptBuildPhase;
			buildActionMask = 2147483647;
			files = (
			);
			inputFileListPaths = (
				"${PODS_ROOT}/Target Support Files/Pods-TransL8/Pods-TransL8-frameworks-${CONFIGURATION}-input-files.xcfilelist",
			);
			name = "[CP] Embed Pods Frameworks";
			outputFileListPaths = (
				"${PODS_ROOT}/Target Support Files/Pods-TransL8/Pods-TransL8-frameworks-${CONFIGURATION}-output-files.xcfilelist",
			);
			runOnlyForDeploymentPostprocessing = 0;
			shellPath = /bin/sh;
			shellScript = "\"${PODS_ROOT}/Target Support Files/Pods-TransL8/Pods-TransL8-frameworks.sh\"\n";
			showEnvVarsInLog = 0;
		};
/* End PBXShellScriptBuildPhase section */

/* Begin PBXSourcesBuildPhase section */
		DEA3425823B6285C00BD4DBF /* Sources */ = {
			isa = PBXSourcesBuildPhase;
			buildActionMask = 2147483647;
			files = (
				DEA3425F23B6285C00BD4DBF /* FileProviderExtension.swift in Sources */,
				DEA3427F23B6321600BD4DBF /* PreferencesController.swift in Sources */,
				DEA3428623B79ED500BD4DBF /* TextPair+File.swift in Sources */,
				DEA3428123B63C2C00BD4DBF /* SecureStorage.swift in Sources */,
				DEA3426123B6285C00BD4DBF /* FileProviderItem.swift in Sources */,
				DEA3427E23B62FE800BD4DBF /* TextPair.swift in Sources */,
				DEA3428323B79DF900BD4DBF /* FileProviderItemIdentifier+TextPair.swift in Sources */,
				DEA3426323B6285C00BD4DBF /* FileProviderEnumerator.swift in Sources */,
				DEA3428023B6321600BD4DBF /* Storage.swift in Sources */,
			);
			runOnlyForDeploymentPostprocessing = 0;
		};
		DEB1DF9B23A7595B00ED0715 /* Sources */ = {
			isa = PBXSourcesBuildPhase;
			buildActionMask = 2147483647;
			files = (
				DE93D88923AD7DCE00FC9D74 /* TranslateViewController+Scan.swift in Sources */,
				DE0DBE4323AE5A44005E2570 /* OnboardingAccessViewController.swift in Sources */,
				DE93D89923AD7DCE00FC9D74 /* Double+AnimationDefault.swift in Sources */,
				DE42841823B8F23100D7013D /* TranslateViewController+Document.swift in Sources */,
				DE0DBE4723AE5A44005E2570 /* OnboardingApiKeyViewController.swift in Sources */,
				DE93D89823AD7DCE00FC9D74 /* Data+JSONDecode.swift in Sources */,
				DE1DE62F23B9EA7100518AFF /* TranslateViewController+Keyboard.swift in Sources */,
				DE46DDE223B2401800056919 /* HistoryViewController.swift in Sources */,
				DE93D88823AD7DCE00FC9D74 /* PreferencesController.swift in Sources */,
				DE42841B23B8F6D800D7013D /* RecordViewController.swift in Sources */,
				DE0DBE4F23AE6740005E2570 /* UIViewController+Embed.swift in Sources */,
				DEB8893D23B1143200906681 /* Array+NSExtensionItem.swift in Sources */,
				DE93D89523AD7DCE00FC9D74 /* AppDelegate.swift in Sources */,
				DE0DBE4D23AE5CCD005E2570 /* OnboardingIntroViewController.swift in Sources */,
				DE93D89123AD7DCE00FC9D74 /* RootViewController.swift in Sources */,
				DE93D88F23AD7DCE00FC9D74 /* TranslateViewController+Action.swift in Sources */,
				DE93D89023AD7DCE00FC9D74 /* TranslateViewController.swift in Sources */,
				DE93D89723AD7DCE00FC9D74 /* DeepLService.swift in Sources */,
				DE93D88E23AD7DCE00FC9D74 /* TextPair.swift in Sources */,
				DE93D88B23AD7DCE00FC9D74 /* TranslateViewController+Speak.swift in Sources */,
				DE93D88623AD7DCE00FC9D74 /* SecureStorage.swift in Sources */,
				DE93D89A23AD7DCE00FC9D74 /* UIView+Border.swift in Sources */,
				DE93D89C23AD7DCE00FC9D74 /* SceneDelegate.swift in Sources */,
				DE46DDE423B2429500056919 /* HistoryCell.swift in Sources */,
				DE42841D23B8FB8C00D7013D /* TextPairSelectable.swift in Sources */,
				DE93D88A23AD7DCE00FC9D74 /* TranslationEngine.swift in Sources */,
				DE93D89623AD7DCE00FC9D74 /* DeepL.swift in Sources */,
				DE93D88523AD7DCE00FC9D74 /* Storage.swift in Sources */,
				DE0DBE4A23AE5A44005E2570 /* OnboardingNavigationController.swift in Sources */,
				DE93D88723AD7DCE00FC9D74 /* PreferencesViewController.swift in Sources */,
				DE01811023BFAE8000FE34D7 /* TranslateViewController+Language.swift in Sources */,
			);
			runOnlyForDeploymentPostprocessing = 0;
		};
		DEB8893F23B1783600906681 /* Sources */ = {
			isa = PBXSourcesBuildPhase;
			buildActionMask = 2147483647;
			files = (
				DEB8895923B17D8900906681 /* DeepLService.swift in Sources */,
				DEB8895B23B17D9100906681 /* Double+AnimationDefault.swift in Sources */,
				DEB8895823B17D8900906681 /* DeepL.swift in Sources */,
				DEB8895623B1794800906681 /* SecureStorage.swift in Sources */,
				DEB8895D23B17D9100906681 /* UIViewController+Embed.swift in Sources */,
				DEB8895423B1794800906681 /* PreferencesController.swift in Sources */,
				DEB8895723B17D8900906681 /* TranslationEngine.swift in Sources */,
				DEB8895323B1792300906681 /* Array+NSExtensionItem.swift in Sources */,
				DEB8895223B1791800906681 /* TextPair.swift in Sources */,
				DEB8895C23B17D9100906681 /* UIView+Border.swift in Sources */,
				DEB8895A23B17D9100906681 /* Data+JSONDecode.swift in Sources */,
				DEB8894623B1783600906681 /* ShareViewController.swift in Sources */,
				DEB8895523B1794800906681 /* Storage.swift in Sources */,
			);
			runOnlyForDeploymentPostprocessing = 0;
		};
		DECE07F323B0D40F00170DD4 /* Sources */ = {
			isa = PBXSourcesBuildPhase;
			buildActionMask = 2147483647;
			files = (
				DEB8893A23B10F1C00906681 /* UIViewController+Embed.swift in Sources */,
				DEB8892623B0D7EF00906681 /* PreferencesController.swift in Sources */,
				DEB8892723B0D7EF00906681 /* Storage.swift in Sources */,
				DEB8892823B0D7EF00906681 /* SecureStorage.swift in Sources */,
				DEB8892423B0D7E900906681 /* DeepL.swift in Sources */,
				DECE07FC23B0D40F00170DD4 /* ActionViewController.swift in Sources */,
				DEB8892523B0D7E900906681 /* DeepLService.swift in Sources */,
				DEB8892223B0D7E900906681 /* TranslationEngine.swift in Sources */,
				DEB8893723B10F1C00906681 /* Data+JSONDecode.swift in Sources */,
				DEB8893E23B1143200906681 /* Array+NSExtensionItem.swift in Sources */,
				DEB8892323B0D7E900906681 /* TextPair.swift in Sources */,
				DEB8893823B10F1C00906681 /* Double+AnimationDefault.swift in Sources */,
				DEB8893923B10F1C00906681 /* UIView+Border.swift in Sources */,
			);
			runOnlyForDeploymentPostprocessing = 0;
		};
/* End PBXSourcesBuildPhase section */

/* Begin PBXTargetDependency section */
		DEA3427623B6285C00BD4DBF /* PBXTargetDependency */ = {
			isa = PBXTargetDependency;
			platformFilter = ios;
			target = DEA3425B23B6285C00BD4DBF /* File */;
			targetProxy = DEA3427523B6285C00BD4DBF /* PBXContainerItemProxy */;
		};
		DEB8894C23B1783600906681 /* PBXTargetDependency */ = {
			isa = PBXTargetDependency;
			target = DEB8894223B1783600906681 /* Share */;
			targetProxy = DEB8894B23B1783600906681 /* PBXContainerItemProxy */;
		};
		DECE080223B0D40F00170DD4 /* PBXTargetDependency */ = {
			isa = PBXTargetDependency;
			target = DECE07F623B0D40F00170DD4 /* Action */;
			targetProxy = DECE080123B0D40F00170DD4 /* PBXContainerItemProxy */;
		};
/* End PBXTargetDependency section */

/* Begin PBXVariantGroup section */
		DE93D87823AD7DCE00FC9D74 /* LaunchScreen.storyboard */ = {
			isa = PBXVariantGroup;
			children = (
				DE93D87923AD7DCE00FC9D74 /* Base */,
			);
			name = LaunchScreen.storyboard;
			sourceTree = "<group>";
		};
		DEB8894723B1783600906681 /* MainShare.storyboard */ = {
			isa = PBXVariantGroup;
			children = (
				DEB8894823B1783600906681 /* Base */,
			);
			name = MainShare.storyboard;
			sourceTree = "<group>";
		};
		DECE07FD23B0D40F00170DD4 /* MainAction.storyboard */ = {
			isa = PBXVariantGroup;
			children = (
				DECE07FE23B0D40F00170DD4 /* Base */,
			);
			name = MainAction.storyboard;
			sourceTree = "<group>";
		};
/* End PBXVariantGroup section */

/* Begin XCBuildConfiguration section */
		DEA3427823B6285C00BD4DBF /* Debug */ = {
			isa = XCBuildConfiguration;
			baseConfigurationReference = FD6BFD3ABE4805DAFF455D89 /* Pods-File.debug.xcconfig */;
			buildSettings = {
				CODE_SIGN_ENTITLEMENTS = File/File.entitlements;
				CODE_SIGN_STYLE = Automatic;
				CURRENT_PROJECT_VERSION = 11;
				DEVELOPMENT_TEAM = 6ZU459JA6J;
				INFOPLIST_FILE = File/Info.plist;
				LD_RUNPATH_SEARCH_PATHS = (
					"$(inherited)",
					"@executable_path/Frameworks",
					"@executable_path/../../Frameworks",
				);
				PRODUCT_BUNDLE_IDENTIFIER = com.werk01.TransL8.File;
				PRODUCT_NAME = "TransL8 History";
				SKIP_INSTALL = YES;
				SUPPORTS_MACCATALYST = NO;
				SWIFT_VERSION = 5.0;
				TARGETED_DEVICE_FAMILY = "1,2";
			};
			name = Debug;
		};
		DEA3427923B6285C00BD4DBF /* Release */ = {
			isa = XCBuildConfiguration;
			baseConfigurationReference = 5E010BE6326D7BAD654DE042 /* Pods-File.release.xcconfig */;
			buildSettings = {
				CODE_SIGN_ENTITLEMENTS = File/File.entitlements;
				CODE_SIGN_STYLE = Automatic;
				CURRENT_PROJECT_VERSION = 11;
				DEVELOPMENT_TEAM = 6ZU459JA6J;
				INFOPLIST_FILE = File/Info.plist;
				LD_RUNPATH_SEARCH_PATHS = (
					"$(inherited)",
					"@executable_path/Frameworks",
					"@executable_path/../../Frameworks",
				);
				PRODUCT_BUNDLE_IDENTIFIER = com.werk01.TransL8.File;
				PRODUCT_NAME = "TransL8 History";
				SKIP_INSTALL = YES;
				SUPPORTS_MACCATALYST = NO;
				SWIFT_VERSION = 5.0;
				TARGETED_DEVICE_FAMILY = "1,2";
			};
			name = Release;
		};
		DEB1DFB123A7596D00ED0715 /* Debug */ = {
			isa = XCBuildConfiguration;
			buildSettings = {
				ALWAYS_SEARCH_USER_PATHS = NO;
				CLANG_ANALYZER_NONNULL = YES;
				CLANG_ANALYZER_NUMBER_OBJECT_CONVERSION = YES_AGGRESSIVE;
				CLANG_CXX_LANGUAGE_STANDARD = "gnu++14";
				CLANG_CXX_LIBRARY = "libc++";
				CLANG_ENABLE_MODULES = YES;
				CLANG_ENABLE_OBJC_ARC = YES;
				CLANG_ENABLE_OBJC_WEAK = YES;
				CLANG_WARN_BLOCK_CAPTURE_AUTORELEASING = YES;
				CLANG_WARN_BOOL_CONVERSION = YES;
				CLANG_WARN_COMMA = YES;
				CLANG_WARN_CONSTANT_CONVERSION = YES;
				CLANG_WARN_DEPRECATED_OBJC_IMPLEMENTATIONS = YES;
				CLANG_WARN_DIRECT_OBJC_ISA_USAGE = YES_ERROR;
				CLANG_WARN_DOCUMENTATION_COMMENTS = YES;
				CLANG_WARN_EMPTY_BODY = YES;
				CLANG_WARN_ENUM_CONVERSION = YES;
				CLANG_WARN_INFINITE_RECURSION = YES;
				CLANG_WARN_INT_CONVERSION = YES;
				CLANG_WARN_NON_LITERAL_NULL_CONVERSION = YES;
				CLANG_WARN_OBJC_IMPLICIT_RETAIN_SELF = YES;
				CLANG_WARN_OBJC_LITERAL_CONVERSION = YES;
				CLANG_WARN_OBJC_ROOT_CLASS = YES_ERROR;
				CLANG_WARN_RANGE_LOOP_ANALYSIS = YES;
				CLANG_WARN_STRICT_PROTOTYPES = YES;
				CLANG_WARN_SUSPICIOUS_MOVE = YES;
				CLANG_WARN_UNGUARDED_AVAILABILITY = YES_AGGRESSIVE;
				CLANG_WARN_UNREACHABLE_CODE = YES;
				CLANG_WARN__DUPLICATE_METHOD_MATCH = YES;
				COPY_PHASE_STRIP = NO;
				DEBUG_INFORMATION_FORMAT = dwarf;
				ENABLE_STRICT_OBJC_MSGSEND = YES;
				ENABLE_TESTABILITY = YES;
				GCC_C_LANGUAGE_STANDARD = gnu11;
				GCC_DYNAMIC_NO_PIC = NO;
				GCC_NO_COMMON_BLOCKS = YES;
				GCC_OPTIMIZATION_LEVEL = 0;
				GCC_PREPROCESSOR_DEFINITIONS = (
					"DEBUG=1",
					"$(inherited)",
				);
				GCC_WARN_64_TO_32_BIT_CONVERSION = YES;
				GCC_WARN_ABOUT_RETURN_TYPE = YES_ERROR;
				GCC_WARN_UNDECLARED_SELECTOR = YES;
				GCC_WARN_UNINITIALIZED_AUTOS = YES_AGGRESSIVE;
				GCC_WARN_UNUSED_FUNCTION = YES;
				GCC_WARN_UNUSED_VARIABLE = YES;
				IPHONEOS_DEPLOYMENT_TARGET = 13.2;
				MTL_ENABLE_DEBUG_INFO = INCLUDE_SOURCE;
				MTL_FAST_MATH = YES;
				ONLY_ACTIVE_ARCH = YES;
				SDKROOT = iphoneos;
				SWIFT_ACTIVE_COMPILATION_CONDITIONS = DEBUG;
				SWIFT_OPTIMIZATION_LEVEL = "-Onone";
			};
			name = Debug;
		};
		DEB1DFB223A7596D00ED0715 /* Release */ = {
			isa = XCBuildConfiguration;
			buildSettings = {
				ALWAYS_SEARCH_USER_PATHS = NO;
				CLANG_ANALYZER_NONNULL = YES;
				CLANG_ANALYZER_NUMBER_OBJECT_CONVERSION = YES_AGGRESSIVE;
				CLANG_CXX_LANGUAGE_STANDARD = "gnu++14";
				CLANG_CXX_LIBRARY = "libc++";
				CLANG_ENABLE_MODULES = YES;
				CLANG_ENABLE_OBJC_ARC = YES;
				CLANG_ENABLE_OBJC_WEAK = YES;
				CLANG_WARN_BLOCK_CAPTURE_AUTORELEASING = YES;
				CLANG_WARN_BOOL_CONVERSION = YES;
				CLANG_WARN_COMMA = YES;
				CLANG_WARN_CONSTANT_CONVERSION = YES;
				CLANG_WARN_DEPRECATED_OBJC_IMPLEMENTATIONS = YES;
				CLANG_WARN_DIRECT_OBJC_ISA_USAGE = YES_ERROR;
				CLANG_WARN_DOCUMENTATION_COMMENTS = YES;
				CLANG_WARN_EMPTY_BODY = YES;
				CLANG_WARN_ENUM_CONVERSION = YES;
				CLANG_WARN_INFINITE_RECURSION = YES;
				CLANG_WARN_INT_CONVERSION = YES;
				CLANG_WARN_NON_LITERAL_NULL_CONVERSION = YES;
				CLANG_WARN_OBJC_IMPLICIT_RETAIN_SELF = YES;
				CLANG_WARN_OBJC_LITERAL_CONVERSION = YES;
				CLANG_WARN_OBJC_ROOT_CLASS = YES_ERROR;
				CLANG_WARN_RANGE_LOOP_ANALYSIS = YES;
				CLANG_WARN_STRICT_PROTOTYPES = YES;
				CLANG_WARN_SUSPICIOUS_MOVE = YES;
				CLANG_WARN_UNGUARDED_AVAILABILITY = YES_AGGRESSIVE;
				CLANG_WARN_UNREACHABLE_CODE = YES;
				CLANG_WARN__DUPLICATE_METHOD_MATCH = YES;
				COPY_PHASE_STRIP = NO;
				DEBUG_INFORMATION_FORMAT = "dwarf-with-dsym";
				ENABLE_NS_ASSERTIONS = NO;
				ENABLE_STRICT_OBJC_MSGSEND = YES;
				GCC_C_LANGUAGE_STANDARD = gnu11;
				GCC_NO_COMMON_BLOCKS = YES;
				GCC_WARN_64_TO_32_BIT_CONVERSION = YES;
				GCC_WARN_ABOUT_RETURN_TYPE = YES_ERROR;
				GCC_WARN_UNDECLARED_SELECTOR = YES;
				GCC_WARN_UNINITIALIZED_AUTOS = YES_AGGRESSIVE;
				GCC_WARN_UNUSED_FUNCTION = YES;
				GCC_WARN_UNUSED_VARIABLE = YES;
				IPHONEOS_DEPLOYMENT_TARGET = 13.2;
				MTL_ENABLE_DEBUG_INFO = NO;
				MTL_FAST_MATH = YES;
				SDKROOT = iphoneos;
				SWIFT_COMPILATION_MODE = wholemodule;
				SWIFT_OPTIMIZATION_LEVEL = "-O";
				VALIDATE_PRODUCT = YES;
			};
			name = Release;
		};
		DEB1DFB423A7596D00ED0715 /* Debug */ = {
			isa = XCBuildConfiguration;
			baseConfigurationReference = 791D1F3D965E7D470547D887 /* Pods-TransL8.debug.xcconfig */;
			buildSettings = {
				ALWAYS_EMBED_SWIFT_STANDARD_LIBRARIES = "$(inherited)";
				ASSETCATALOG_COMPILER_APPICON_NAME = AppIcon;
				CODE_SIGN_ENTITLEMENTS = TransL8/TransL8.entitlements;
				CODE_SIGN_STYLE = Automatic;
				CURRENT_PROJECT_VERSION = 15;
				DERIVE_MACCATALYST_PRODUCT_BUNDLE_IDENTIFIER = YES;
				DEVELOPMENT_TEAM = 6ZU459JA6J;
				INFOPLIST_FILE = TransL8/Info.plist;
				IPHONEOS_DEPLOYMENT_TARGET = 13.2;
				LD_RUNPATH_SEARCH_PATHS = (
					"$(inherited)",
					"@executable_path/Frameworks",
				);
				PRODUCT_BUNDLE_IDENTIFIER = com.werk01.TransL8;
				PRODUCT_NAME = TransL8;
				SUPPORTS_MACCATALYST = YES;
				SWIFT_VERSION = 5.0;
				TARGETED_DEVICE_FAMILY = "1,2";
			};
			name = Debug;
		};
		DEB1DFB523A7596D00ED0715 /* Release */ = {
			isa = XCBuildConfiguration;
			baseConfigurationReference = B9B1DCCF245F9EAC2119BDAF /* Pods-TransL8.release.xcconfig */;
			buildSettings = {
				ALWAYS_EMBED_SWIFT_STANDARD_LIBRARIES = "$(inherited)";
				ASSETCATALOG_COMPILER_APPICON_NAME = AppIcon;
				CODE_SIGN_ENTITLEMENTS = TransL8/TransL8.entitlements;
				CODE_SIGN_STYLE = Automatic;
				CURRENT_PROJECT_VERSION = 15;
				DERIVE_MACCATALYST_PRODUCT_BUNDLE_IDENTIFIER = YES;
				DEVELOPMENT_TEAM = 6ZU459JA6J;
				INFOPLIST_FILE = TransL8/Info.plist;
				IPHONEOS_DEPLOYMENT_TARGET = 13.2;
				LD_RUNPATH_SEARCH_PATHS = (
					"$(inherited)",
					"@executable_path/Frameworks",
				);
				PRODUCT_BUNDLE_IDENTIFIER = com.werk01.TransL8;
				PRODUCT_NAME = TransL8;
				SUPPORTS_MACCATALYST = YES;
				SWIFT_VERSION = 5.0;
				TARGETED_DEVICE_FAMILY = "1,2";
			};
			name = Release;
		};
		DEB8894E23B1783600906681 /* Debug */ = {
			isa = XCBuildConfiguration;
			baseConfigurationReference = 76144F5E93DA5480C7296AEB /* Pods-Share.debug.xcconfig */;
			buildSettings = {
				CODE_SIGN_ENTITLEMENTS = Share/Share.entitlements;
				CODE_SIGN_STYLE = Automatic;
				CURRENT_PROJECT_VERSION = 8;
				DERIVE_MACCATALYST_PRODUCT_BUNDLE_IDENTIFIER = YES;
				DEVELOPMENT_TEAM = 6ZU459JA6J;
				INFOPLIST_FILE = Share/Info.plist;
				LD_RUNPATH_SEARCH_PATHS = (
					"$(inherited)",
					"@executable_path/Frameworks",
					"@executable_path/../../Frameworks",
				);
				PRODUCT_BUNDLE_IDENTIFIER = com.werk01.TransL8.Share;
				PRODUCT_NAME = "$(TARGET_NAME)";
				SKIP_INSTALL = YES;
				SUPPORTS_MACCATALYST = YES;
				SWIFT_VERSION = 5.0;
				TARGETED_DEVICE_FAMILY = "1,2";
			};
			name = Debug;
		};
		DEB8894F23B1783600906681 /* Release */ = {
			isa = XCBuildConfiguration;
			baseConfigurationReference = A2A295E3F8C5851EFFC90199 /* Pods-Share.release.xcconfig */;
			buildSettings = {
				CODE_SIGN_ENTITLEMENTS = Share/Share.entitlements;
				CODE_SIGN_STYLE = Automatic;
				CURRENT_PROJECT_VERSION = 8;
				DERIVE_MACCATALYST_PRODUCT_BUNDLE_IDENTIFIER = YES;
				DEVELOPMENT_TEAM = 6ZU459JA6J;
				INFOPLIST_FILE = Share/Info.plist;
				LD_RUNPATH_SEARCH_PATHS = (
					"$(inherited)",
					"@executable_path/Frameworks",
					"@executable_path/../../Frameworks",
				);
				PRODUCT_BUNDLE_IDENTIFIER = com.werk01.TransL8.Share;
				PRODUCT_NAME = "$(TARGET_NAME)";
				SKIP_INSTALL = YES;
				SUPPORTS_MACCATALYST = YES;
				SWIFT_VERSION = 5.0;
				TARGETED_DEVICE_FAMILY = "1,2";
			};
			name = Release;
		};
		DECE080523B0D40F00170DD4 /* Debug */ = {
			isa = XCBuildConfiguration;
			baseConfigurationReference = 5A0B82801ED3AF1C03E31A38 /* Pods-Action.debug.xcconfig */;
			buildSettings = {
				ASSETCATALOG_COMPILER_APPICON_NAME = ActionIcon;
				CODE_SIGN_ENTITLEMENTS = "Action/TransL8 in Action.entitlements";
				CODE_SIGN_STYLE = Automatic;
				CURRENT_PROJECT_VERSION = 8;
				DERIVE_MACCATALYST_PRODUCT_BUNDLE_IDENTIFIER = YES;
				DEVELOPMENT_TEAM = 6ZU459JA6J;
				INFOPLIST_FILE = Action/Info.plist;
				LD_RUNPATH_SEARCH_PATHS = (
					"$(inherited)",
					"@executable_path/Frameworks",
					"@executable_path/../../Frameworks",
				);
				PRODUCT_BUNDLE_IDENTIFIER = com.werk01.TransL8.Action;
				PRODUCT_NAME = "TransL8 in Action";
				SKIP_INSTALL = YES;
				SUPPORTS_MACCATALYST = YES;
				SWIFT_VERSION = 5.0;
				TARGETED_DEVICE_FAMILY = "1,2";
			};
			name = Debug;
		};
		DECE080623B0D40F00170DD4 /* Release */ = {
			isa = XCBuildConfiguration;
			baseConfigurationReference = 4F1549A505028F5F56AB6588 /* Pods-Action.release.xcconfig */;
			buildSettings = {
				ASSETCATALOG_COMPILER_APPICON_NAME = ActionIcon;
				CODE_SIGN_ENTITLEMENTS = "Action/TransL8 in Action.entitlements";
				CODE_SIGN_STYLE = Automatic;
				CURRENT_PROJECT_VERSION = 8;
				DERIVE_MACCATALYST_PRODUCT_BUNDLE_IDENTIFIER = YES;
				DEVELOPMENT_TEAM = 6ZU459JA6J;
				INFOPLIST_FILE = Action/Info.plist;
				LD_RUNPATH_SEARCH_PATHS = (
					"$(inherited)",
					"@executable_path/Frameworks",
					"@executable_path/../../Frameworks",
				);
				PRODUCT_BUNDLE_IDENTIFIER = com.werk01.TransL8.Action;
				PRODUCT_NAME = "TransL8 in Action";
				SKIP_INSTALL = YES;
				SUPPORTS_MACCATALYST = YES;
				SWIFT_VERSION = 5.0;
				TARGETED_DEVICE_FAMILY = "1,2";
			};
			name = Release;
		};
/* End XCBuildConfiguration section */

/* Begin XCConfigurationList section */
		DEA3427D23B6285C00BD4DBF /* Build configuration list for PBXNativeTarget "File" */ = {
			isa = XCConfigurationList;
			buildConfigurations = (
				DEA3427823B6285C00BD4DBF /* Debug */,
				DEA3427923B6285C00BD4DBF /* Release */,
			);
			defaultConfigurationIsVisible = 0;
			defaultConfigurationName = Release;
		};
		DEB1DF9A23A7595B00ED0715 /* Build configuration list for PBXProject "TransL8" */ = {
			isa = XCConfigurationList;
			buildConfigurations = (
				DEB1DFB123A7596D00ED0715 /* Debug */,
				DEB1DFB223A7596D00ED0715 /* Release */,
			);
			defaultConfigurationIsVisible = 0;
			defaultConfigurationName = Release;
		};
		DEB1DFB323A7596D00ED0715 /* Build configuration list for PBXNativeTarget "TransL8" */ = {
			isa = XCConfigurationList;
			buildConfigurations = (
				DEB1DFB423A7596D00ED0715 /* Debug */,
				DEB1DFB523A7596D00ED0715 /* Release */,
			);
			defaultConfigurationIsVisible = 0;
			defaultConfigurationName = Release;
		};
		DEB8895023B1783600906681 /* Build configuration list for PBXNativeTarget "Share" */ = {
			isa = XCConfigurationList;
			buildConfigurations = (
				DEB8894E23B1783600906681 /* Debug */,
				DEB8894F23B1783600906681 /* Release */,
			);
			defaultConfigurationIsVisible = 0;
			defaultConfigurationName = Release;
		};
		DECE080423B0D40F00170DD4 /* Build configuration list for PBXNativeTarget "Action" */ = {
			isa = XCConfigurationList;
			buildConfigurations = (
				DECE080523B0D40F00170DD4 /* Debug */,
				DECE080623B0D40F00170DD4 /* Release */,
			);
			defaultConfigurationIsVisible = 0;
			defaultConfigurationName = Release;
		};
/* End XCConfigurationList section */
	};
	rootObject = DEB1DF9723A7595B00ED0715 /* Project object */;
}
